// !$*UTF8*$!
{
	archiveVersion = 1;
	classes = {
	};
	objectVersion = 56;
	objects = {

/* Begin PBXBuildFile section */
		CB0162862BC8F79700983BB5 /* UserRunRideViewModel.swift in Sources */ = {isa = PBXBuildFile; fileRef = CB0162852BC8F79700983BB5 /* UserRunRideViewModel.swift */; };
		CB0162882BC8F9CE00983BB5 /* UserRunTipView.swift in Sources */ = {isa = PBXBuildFile; fileRef = CB0162872BC8F9CE00983BB5 /* UserRunTipView.swift */; };
		CB04A7632B3E752900FDDEAE /* ProfileImageView.swift in Sources */ = {isa = PBXBuildFile; fileRef = CB04A7622B3E752900FDDEAE /* ProfileImageView.swift */; };
		CB04A7652B3E772C00FDDEAE /* ImagePicker.swift in Sources */ = {isa = PBXBuildFile; fileRef = CB04A7642B3E772C00FDDEAE /* ImagePicker.swift */; };
		CB04BEC92ADF836C008AADA9 /* MyRatingView.swift in Sources */ = {isa = PBXBuildFile; fileRef = CB04BEC82ADF836C008AADA9 /* MyRatingView.swift */; };
		CB04BECB2ADF83CD008AADA9 /* RatingRow.swift in Sources */ = {isa = PBXBuildFile; fileRef = CB04BECA2ADF83CD008AADA9 /* RatingRow.swift */; };
		CB0B03542B96ED0A00DAC455 /* SQLite in Frameworks */ = {isa = PBXBuildFile; productRef = CB0B03532B96ED0A00DAC455 /* SQLite */; };
		CB0B03562B96ED6F00DAC455 /* DBHelper.swift in Sources */ = {isa = PBXBuildFile; fileRef = CB0B03552B96ED6F00DAC455 /* DBHelper.swift */; };
		CB13DEEC2AD11CED00D3D69C /* IconTitleSubtitleButton.swift in Sources */ = {isa = PBXBuildFile; fileRef = CB13DEEB2AD11CED00D3D69C /* IconTitleSubtitleButton.swift */; };
		CB1501E62AD9034F0002AE2B /* EarningView.swift in Sources */ = {isa = PBXBuildFile; fileRef = CB1501E52AD9034F0002AE2B /* EarningView.swift */; };
		CB231CF22B413B9F00A6196D /* ServiceModel.swift in Sources */ = {isa = PBXBuildFile; fileRef = CB231CF12B413B9F00A6196D /* ServiceModel.swift */; };
		CB231CF42B413C6C00A6196D /* DriverEditProfileView.swift in Sources */ = {isa = PBXBuildFile; fileRef = CB231CF32B413C6C00A6196D /* DriverEditProfileView.swift */; };
		CB341BA82BBD0A0B0093D421 /* en.json in Resources */ = {isa = PBXBuildFile; fileRef = CB341BA72BBD0A0B0093D421 /* en.json */; };
		CB341BAA2BBD0A2B0093D421 /* Road.swift in Sources */ = {isa = PBXBuildFile; fileRef = CB341BA92BBD0A2B0093D421 /* Road.swift */; };
		CB341BAC2BBD0AAC0093D421 /* RoadManager.swift in Sources */ = {isa = PBXBuildFile; fileRef = CB341BAB2BBD0AAC0093D421 /* RoadManager.swift */; };
		CB341BAF2BBD0AE80093D421 /* Alamofire in Frameworks */ = {isa = PBXBuildFile; productRef = CB341BAE2BBD0AE80093D421 /* Alamofire */; };
		CB341BB12BBD0D300093D421 /* ServicePriceModel.swift in Sources */ = {isa = PBXBuildFile; fileRef = CB341BB02BBD0D300093D421 /* ServicePriceModel.swift */; };
		CB3C00912AD61E4300E152EC /* MenuView.swift in Sources */ = {isa = PBXBuildFile; fileRef = CB3C00902AD61E4300E152EC /* MenuView.swift */; };
		CB3EB45D2AD51C6300C26505 /* BackgroundCleanerView.swift in Sources */ = {isa = PBXBuildFile; fileRef = CB3EB45C2AD51C6300C26505 /* BackgroundCleanerView.swift */; };
		CB3EB45F2AD51D0E00C26505 /* VisualEffectView.swift in Sources */ = {isa = PBXBuildFile; fileRef = CB3EB45E2AD51D0E00C26505 /* VisualEffectView.swift */; };
		CB3EB4612AD522FF00C26505 /* ReasonView.swift in Sources */ = {isa = PBXBuildFile; fileRef = CB3EB4602AD522FF00C26505 /* ReasonView.swift */; };
		CB40BB142B539E5F008FBB1E /* SocketIO in Frameworks */ = {isa = PBXBuildFile; productRef = CB40BB132B539E5F008FBB1E /* SocketIO */; };
		CB40BB162B539E79008FBB1E /* SocketViewModel.swift in Sources */ = {isa = PBXBuildFile; fileRef = CB40BB152B539E79008FBB1E /* SocketViewModel.swift */; };
		CB4388A32BC408280032E5E9 /* DriverRunRideViewModel.swift in Sources */ = {isa = PBXBuildFile; fileRef = CB4388A22BC408280032E5E9 /* DriverRunRideViewModel.swift */; };
		CB49C9D02B562DAE008568A7 /* SupportUserModel.swift in Sources */ = {isa = PBXBuildFile; fileRef = CB49C9CF2B562DAE008568A7 /* SupportUserModel.swift */; };
		CB49C9D22B563004008568A7 /* MessageModel.swift in Sources */ = {isa = PBXBuildFile; fileRef = CB49C9D12B563004008568A7 /* MessageModel.swift */; };
		CB49C9D42B5630A8008568A7 /* SupportViewModel.swift in Sources */ = {isa = PBXBuildFile; fileRef = CB49C9D32B5630A8008568A7 /* SupportViewModel.swift */; };
		CB4C20C82AD29A5D0081B3FE /* TipRequestView.swift in Sources */ = {isa = PBXBuildFile; fileRef = CB4C20C72AD29A5D0081B3FE /* TipRequestView.swift */; };
		CB4C20CA2AD29E600081B3FE /* MyMapView.swift in Sources */ = {isa = PBXBuildFile; fileRef = CB4C20C92AD29E600081B3FE /* MyMapView.swift */; };
		CB4CE6FE2BB9580700A42220 /* UserHomeViewModel.swift in Sources */ = {isa = PBXBuildFile; fileRef = CB4CE6FD2BB9580700A42220 /* UserHomeViewModel.swift */; };
		CB4CE7002BB960F000A42220 /* LocationBooking.swift in Sources */ = {isa = PBXBuildFile; fileRef = CB4CE6FF2BB960F000A42220 /* LocationBooking.swift */; };
		CB4D82832ADCEB0100CE2AC1 /* SettingsView.swift in Sources */ = {isa = PBXBuildFile; fileRef = CB4D82822ADCEB0100CE2AC1 /* SettingsView.swift */; };
		CB4D82852ADCEB1600CE2AC1 /* MyVehicleView.swift in Sources */ = {isa = PBXBuildFile; fileRef = CB4D82842ADCEB1600CE2AC1 /* MyVehicleView.swift */; };
		CB4D82872ADCEB2900CE2AC1 /* SettingRow.swift in Sources */ = {isa = PBXBuildFile; fileRef = CB4D82862ADCEB2900CE2AC1 /* SettingRow.swift */; };
		CB4D82892ADCEDB000CE2AC1 /* VehicleRow.swift in Sources */ = {isa = PBXBuildFile; fileRef = CB4D82882ADCEDB000CE2AC1 /* VehicleRow.swift */; };
		CB4D828B2ADCEE2A00CE2AC1 /* MyVelicleDetailView.swift in Sources */ = {isa = PBXBuildFile; fileRef = CB4D828A2ADCEE2A00CE2AC1 /* MyVelicleDetailView.swift */; };
		CB4D828D2ADCEF6000CE2AC1 /* VehicleDocumentRow.swift in Sources */ = {isa = PBXBuildFile; fileRef = CB4D828C2ADCEF6000CE2AC1 /* VehicleDocumentRow.swift */; };
		CB5074672ABABD8500B4C834 /* AddVehicleView.swift in Sources */ = {isa = PBXBuildFile; fileRef = CB5074662ABABD8500B4C834 /* AddVehicleView.swift */; };
		CB5074692ABABE9800B4C834 /* VehicleDocumentView.swift in Sources */ = {isa = PBXBuildFile; fileRef = CB5074682ABABE9800B4C834 /* VehicleDocumentView.swift */; };
		CB50746B2ABABEEB00B4C834 /* SubscriptionPlanView.swift in Sources */ = {isa = PBXBuildFile; fileRef = CB50746A2ABABEEB00B4C834 /* SubscriptionPlanView.swift */; };
		CB5859B32ADC10C800540729 /* WalletView.swift in Sources */ = {isa = PBXBuildFile; fileRef = CB5859B22ADC10C800540729 /* WalletView.swift */; };
		CB5859B52ADC10E300540729 /* AddMoneyWalletView.swift in Sources */ = {isa = PBXBuildFile; fileRef = CB5859B42ADC10E300540729 /* AddMoneyWalletView.swift */; };
		CB5859B72ADC11D000540729 /* WalletRow.swift in Sources */ = {isa = PBXBuildFile; fileRef = CB5859B62ADC11D000540729 /* WalletRow.swift */; };
		CB5A3BEF2BD2F5F9001BEB4B /* TipDetailViewModel.swift in Sources */ = {isa = PBXBuildFile; fileRef = CB5A3BEE2BD2F5F9001BEB4B /* TipDetailViewModel.swift */; };
		CB5F75C92BE5A54E0032C7B8 /* ChangePasswordView.swift in Sources */ = {isa = PBXBuildFile; fileRef = CB5F75C82BE5A54E0032C7B8 /* ChangePasswordView.swift */; };
		CB608E532ADE412100B5B793 /* MyProfileDetailsView.swift in Sources */ = {isa = PBXBuildFile; fileRef = CB608E522ADE412100B5B793 /* MyProfileDetailsView.swift */; };
		CB608E552ADE45D300B5B793 /* EditProfileView.swift in Sources */ = {isa = PBXBuildFile; fileRef = CB608E542ADE45D300B5B793 /* EditProfileView.swift */; };
		CB6C59B62BDD468100AF8818 /* DocumentViewModel.swift in Sources */ = {isa = PBXBuildFile; fileRef = CB6C59B52BDD468100AF8818 /* DocumentViewModel.swift */; };
		CB6C59B82BDD46C300AF8818 /* DocumentModel.swift in Sources */ = {isa = PBXBuildFile; fileRef = CB6C59B72BDD46C300AF8818 /* DocumentModel.swift */; };
		CB7876EB2BCD98880087EF43 /* DriverMyRideView.swift in Sources */ = {isa = PBXBuildFile; fileRef = CB7876EA2BCD98880087EF43 /* DriverMyRideView.swift */; };
		CB79EE2A2AD3BACF007F38CF /* RunTripView.swift in Sources */ = {isa = PBXBuildFile; fileRef = CB79EE292AD3BACF007F38CF /* RunTripView.swift */; };
		CB8678752B5B76BF008322D5 /* UserHomeView.swift in Sources */ = {isa = PBXBuildFile; fileRef = CB8678742B5B76BF008322D5 /* UserHomeView.swift */; };
		CB88DBEE2BE8110B0016BB6C /* ContactUsViewModel.swift in Sources */ = {isa = PBXBuildFile; fileRef = CB88DBED2BE8110B0016BB6C /* ContactUsViewModel.swift */; };
		CB88DBF02BE813170016BB6C /* ContactUsView.swift in Sources */ = {isa = PBXBuildFile; fileRef = CB88DBEF2BE813160016BB6C /* ContactUsView.swift */; };
		CB88DD872ADA3E6900FED1CA /* SummaryView.swift in Sources */ = {isa = PBXBuildFile; fileRef = CB88DD862ADA3E6900FED1CA /* SummaryView.swift */; };
		CB88DD892ADA3FB200FED1CA /* TodaySummaryRow.swift in Sources */ = {isa = PBXBuildFile; fileRef = CB88DD882ADA3FB200FED1CA /* TodaySummaryRow.swift */; };
		CB88DD8B2ADA3FCD00FED1CA /* WeeklySummaryRow.swift in Sources */ = {isa = PBXBuildFile; fileRef = CB88DD8A2ADA3FCD00FED1CA /* WeeklySummaryRow.swift */; };
		CB8AACE52BBAF661001D6787 /* ZoneModel.swift in Sources */ = {isa = PBXBuildFile; fileRef = CB8AACE42BBAF661001D6787 /* ZoneModel.swift */; };
		CB8AACE72BBAF8A6001D6787 /* MapKitUtils.swift in Sources */ = {isa = PBXBuildFile; fileRef = CB8AACE62BBAF8A6001D6787 /* MapKitUtils.swift */; };
		CBA2C15B2BD99D83001A812F /* SummaryViewModel.swift in Sources */ = {isa = PBXBuildFile; fileRef = CBA2C15A2BD99D83001A812F /* SummaryViewModel.swift */; };
		CBA7907F2B45136300A8288B /* CarViewModel.swift in Sources */ = {isa = PBXBuildFile; fileRef = CBA7907E2B45136300A8288B /* CarViewModel.swift */; };
		CBA903932AE289DC00A7D1E9 /* TipsListView.swift in Sources */ = {isa = PBXBuildFile; fileRef = CBA903922AE289DC00A7D1E9 /* TipsListView.swift */; };
		CBA903952AE28B2A00A7D1E9 /* HelpView.swift in Sources */ = {isa = PBXBuildFile; fileRef = CBA903942AE28B2A00A7D1E9 /* HelpView.swift */; };
		CBA903972AE28B6600A7D1E9 /* HelpRow.swift in Sources */ = {isa = PBXBuildFile; fileRef = CBA903962AE28B6600A7D1E9 /* HelpRow.swift */; };
		CBAED7542B426C600080A47B /* ProfileViewModel.swift in Sources */ = {isa = PBXBuildFile; fileRef = CBAED7532B426C600080A47B /* ProfileViewModel.swift */; };
		CBB02FA52AB96C70009C42DB /* BankDetailsView.swift in Sources */ = {isa = PBXBuildFile; fileRef = CBB02FA42AB96C70009C42DB /* BankDetailsView.swift */; };
		CBB02FA72AB96DE2009C42DB /* DocumentUploadView.swift in Sources */ = {isa = PBXBuildFile; fileRef = CBB02FA62AB96DE2009C42DB /* DocumentUploadView.swift */; };
		CBB02FA92AB96E42009C42DB /* DocumentRow.swift in Sources */ = {isa = PBXBuildFile; fileRef = CBB02FA82AB96E42009C42DB /* DocumentRow.swift */; };
		CBB5FF582B3A845F00309277 /* ServiceCall.swift in Sources */ = {isa = PBXBuildFile; fileRef = CBB5FF572B3A845F00309277 /* ServiceCall.swift */; };
		CBB5FF5A2B3A847900309277 /* Globs.swift in Sources */ = {isa = PBXBuildFile; fileRef = CBB5FF592B3A847900309277 /* Globs.swift */; };
		CBB6CF802BCCEEED000CF48E /* MyRideViewModel.swift in Sources */ = {isa = PBXBuildFile; fileRef = CBB6CF7F2BCCEEED000CF48E /* MyRideViewModel.swift */; };
		CBB6CF822BCCF097000CF48E /* UserMyRidesView.swift in Sources */ = {isa = PBXBuildFile; fileRef = CBB6CF812BCCF097000CF48E /* UserMyRidesView.swift */; };
		CBC52B792BBFBDD000E904A9 /* LocationManagerViewModel.swift in Sources */ = {isa = PBXBuildFile; fileRef = CBC52B782BBFBDD000E904A9 /* LocationManagerViewModel.swift */; };
		CBCB7F5F2AD11450008DC040 /* HomeView.swift in Sources */ = {isa = PBXBuildFile; fileRef = CBCB7F5E2AD11450008DC040 /* HomeView.swift */; };
		CBD647AD2B3A0D0700867954 /* FirebaseAnalytics in Frameworks */ = {isa = PBXBuildFile; productRef = CBD647AC2B3A0D0700867954 /* FirebaseAnalytics */; };
		CBD647AF2B3A0D0700867954 /* FirebaseAnalyticsOnDeviceConversion in Frameworks */ = {isa = PBXBuildFile; productRef = CBD647AE2B3A0D0700867954 /* FirebaseAnalyticsOnDeviceConversion */; };
		CBD647B12B3A0D0700867954 /* FirebaseAnalyticsSwift in Frameworks */ = {isa = PBXBuildFile; productRef = CBD647B02B3A0D0700867954 /* FirebaseAnalyticsSwift */; };
		CBD647B32B3A0D0700867954 /* FirebaseAnalyticsWithoutAdIdSupport in Frameworks */ = {isa = PBXBuildFile; productRef = CBD647B22B3A0D0700867954 /* FirebaseAnalyticsWithoutAdIdSupport */; };
		CBD647B52B3A0D0700867954 /* FirebaseAppCheck in Frameworks */ = {isa = PBXBuildFile; productRef = CBD647B42B3A0D0700867954 /* FirebaseAppCheck */; };
		CBD647B72B3A0D0700867954 /* FirebaseAppDistribution-Beta in Frameworks */ = {isa = PBXBuildFile; productRef = CBD647B62B3A0D0700867954 /* FirebaseAppDistribution-Beta */; };
		CBD647B92B3A0D0700867954 /* FirebaseAuth in Frameworks */ = {isa = PBXBuildFile; productRef = CBD647B82B3A0D0700867954 /* FirebaseAuth */; };
		CBD647BB2B3A0D0700867954 /* FirebaseAuthCombine-Community in Frameworks */ = {isa = PBXBuildFile; productRef = CBD647BA2B3A0D0700867954 /* FirebaseAuthCombine-Community */; };
		CBD647BD2B3A0D0700867954 /* FirebaseCrashlytics in Frameworks */ = {isa = PBXBuildFile; productRef = CBD647BC2B3A0D0700867954 /* FirebaseCrashlytics */; };
		CBD647BF2B3A0D0700867954 /* FirebaseDatabase in Frameworks */ = {isa = PBXBuildFile; productRef = CBD647BE2B3A0D0700867954 /* FirebaseDatabase */; };
		CBD647C12B3A0D0700867954 /* FirebaseDatabaseSwift in Frameworks */ = {isa = PBXBuildFile; productRef = CBD647C02B3A0D0700867954 /* FirebaseDatabaseSwift */; };
		CBD647C32B3A0D0700867954 /* FirebaseDynamicLinks in Frameworks */ = {isa = PBXBuildFile; productRef = CBD647C22B3A0D0700867954 /* FirebaseDynamicLinks */; };
		CBD647C52B3A0D0700867954 /* FirebaseFirestore in Frameworks */ = {isa = PBXBuildFile; productRef = CBD647C42B3A0D0700867954 /* FirebaseFirestore */; };
		CBD647C72B3A0D0700867954 /* FirebaseFirestoreCombine-Community in Frameworks */ = {isa = PBXBuildFile; productRef = CBD647C62B3A0D0700867954 /* FirebaseFirestoreCombine-Community */; };
		CBD647C92B3A0D0700867954 /* FirebaseFirestoreSwift in Frameworks */ = {isa = PBXBuildFile; productRef = CBD647C82B3A0D0700867954 /* FirebaseFirestoreSwift */; };
		CBD647CB2B3A0D0700867954 /* FirebaseFunctions in Frameworks */ = {isa = PBXBuildFile; productRef = CBD647CA2B3A0D0700867954 /* FirebaseFunctions */; };
		CBD647CD2B3A0D0700867954 /* FirebaseFunctionsCombine-Community in Frameworks */ = {isa = PBXBuildFile; productRef = CBD647CC2B3A0D0700867954 /* FirebaseFunctionsCombine-Community */; };
		CBD647CF2B3A0D0700867954 /* FirebaseInAppMessaging-Beta in Frameworks */ = {isa = PBXBuildFile; productRef = CBD647CE2B3A0D0700867954 /* FirebaseInAppMessaging-Beta */; };
		CBD647D12B3A0D0700867954 /* FirebaseInAppMessagingSwift-Beta in Frameworks */ = {isa = PBXBuildFile; productRef = CBD647D02B3A0D0700867954 /* FirebaseInAppMessagingSwift-Beta */; };
		CBD647D32B3A0D0700867954 /* FirebaseInstallations in Frameworks */ = {isa = PBXBuildFile; productRef = CBD647D22B3A0D0700867954 /* FirebaseInstallations */; };
		CBD647D52B3A0D0700867954 /* FirebaseMLModelDownloader in Frameworks */ = {isa = PBXBuildFile; productRef = CBD647D42B3A0D0700867954 /* FirebaseMLModelDownloader */; };
		CBD647D72B3A0D0700867954 /* FirebaseMessaging in Frameworks */ = {isa = PBXBuildFile; productRef = CBD647D62B3A0D0700867954 /* FirebaseMessaging */; };
		CBD647D92B3A0D0700867954 /* FirebasePerformance in Frameworks */ = {isa = PBXBuildFile; productRef = CBD647D82B3A0D0700867954 /* FirebasePerformance */; };
		CBD647DB2B3A0D0700867954 /* FirebaseRemoteConfig in Frameworks */ = {isa = PBXBuildFile; productRef = CBD647DA2B3A0D0700867954 /* FirebaseRemoteConfig */; };
		CBD647DD2B3A0D0700867954 /* FirebaseRemoteConfigSwift in Frameworks */ = {isa = PBXBuildFile; productRef = CBD647DC2B3A0D0700867954 /* FirebaseRemoteConfigSwift */; };
		CBD647DF2B3A0D0700867954 /* FirebaseStorage in Frameworks */ = {isa = PBXBuildFile; productRef = CBD647DE2B3A0D0700867954 /* FirebaseStorage */; };
		CBD647E12B3A0D0700867954 /* FirebaseStorageCombine-Community in Frameworks */ = {isa = PBXBuildFile; productRef = CBD647E02B3A0D0700867954 /* FirebaseStorageCombine-Community */; };
		CBD647E32B3A0D7700867954 /* GoogleService-Info.plist in Resources */ = {isa = PBXBuildFile; fileRef = CBD647E22B3A0D7700867954 /* GoogleService-Info.plist */; };
		CBD647E72B3A0DC300867954 /* LoginViewModel.swift in Sources */ = {isa = PBXBuildFile; fileRef = CBD647E62B3A0DC300867954 /* LoginViewModel.swift */; };
		CBE5452A2B3FE5A100446969 /* MainViewModel.swift in Sources */ = {isa = PBXBuildFile; fileRef = CBE545292B3FE5A100446969 /* MainViewModel.swift */; };
		CBE8DC742AD7AFB60042DDDE /* TripDetailsView.swift in Sources */ = {isa = PBXBuildFile; fileRef = CBE8DC732AD7AFB60042DDDE /* TripDetailsView.swift */; };
		CBE8DC7A2AD7B7300042DDDE /* TitleSubtitleButton.swift in Sources */ = {isa = PBXBuildFile; fileRef = CBE8DC792AD7B7300042DDDE /* TitleSubtitleButton.swift */; };
		CBE8DC7C2AD7B7910042DDDE /* TitleSubtitleRow.swift in Sources */ = {isa = PBXBuildFile; fileRef = CBE8DC7B2AD7B7910042DDDE /* TitleSubtitleRow.swift */; };
		CBF0F3602BC109D5007C004E /* DriverViewModel.swift in Sources */ = {isa = PBXBuildFile; fileRef = CBF0F35F2BC109D5007C004E /* DriverViewModel.swift */; };
		CBF200742B47BC0A000E245B /* SDWebImageSwiftUI in Frameworks */ = {isa = PBXBuildFile; productRef = CBF200732B47BC0A000E245B /* SDWebImageSwiftUI */; };
		CBF3F4E32B559D0C00D7D5CE /* SupportMessageView.swift in Sources */ = {isa = PBXBuildFile; fileRef = CBF3F4E22B559D0C00D7D5CE /* SupportMessageView.swift */; };
		CBF3F4E52B55A22800D7D5CE /* SupportUserView.swift in Sources */ = {isa = PBXBuildFile; fileRef = CBF3F4E42B55A22800D7D5CE /* SupportUserView.swift */; };
		CBF901B62AB6D57600296488 /* taxi_driverApp.swift in Sources */ = {isa = PBXBuildFile; fileRef = CBF901B52AB6D57600296488 /* taxi_driverApp.swift */; };
		CBF901BA2AB6D57700296488 /* Assets.xcassets in Resources */ = {isa = PBXBuildFile; fileRef = CBF901B92AB6D57700296488 /* Assets.xcassets */; };
		CBF901BD2AB6D57700296488 /* Preview Assets.xcassets in Resources */ = {isa = PBXBuildFile; fileRef = CBF901BC2AB6D57700296488 /* Preview Assets.xcassets */; };
		CBF901C92AB6D5D600296488 /* NunitoSans-ExtraBold.ttf in Resources */ = {isa = PBXBuildFile; fileRef = CBF901C42AB6D5D600296488 /* NunitoSans-ExtraBold.ttf */; };
		CBF901CA2AB6D5D600296488 /* NunitoSans-Medium.ttf in Resources */ = {isa = PBXBuildFile; fileRef = CBF901C52AB6D5D600296488 /* NunitoSans-Medium.ttf */; };
		CBF901CB2AB6D5D600296488 /* NunitoSans-Regular.ttf in Resources */ = {isa = PBXBuildFile; fileRef = CBF901C62AB6D5D600296488 /* NunitoSans-Regular.ttf */; };
		CBF901CC2AB6D5D600296488 /* NunitoSans-SemiBold.ttf in Resources */ = {isa = PBXBuildFile; fileRef = CBF901C72AB6D5D600296488 /* NunitoSans-SemiBold.ttf */; };
		CBF901CD2AB6D5D600296488 /* NunitoSans-Bold.ttf in Resources */ = {isa = PBXBuildFile; fileRef = CBF901C82AB6D5D600296488 /* NunitoSans-Bold.ttf */; };
		CBF901D22AB6D63500296488 /* UIExtension.swift in Sources */ = {isa = PBXBuildFile; fileRef = CBF901D12AB6D63500296488 /* UIExtension.swift */; };
		CBF901E62AB6F93E00296488 /* ChangeLanguageView.swift in Sources */ = {isa = PBXBuildFile; fileRef = CBF901E52AB6F93E00296488 /* ChangeLanguageView.swift */; };
		CBF901E82AB6FD1400296488 /* Launch Screen.storyboard in Resources */ = {isa = PBXBuildFile; fileRef = CBF901E72AB6FD1400296488 /* Launch Screen.storyboard */; };
		CBF901EA2AB7016A00296488 /* WelcomeView.swift in Sources */ = {isa = PBXBuildFile; fileRef = CBF901E92AB7016A00296488 /* WelcomeView.swift */; };
		CBF901EC2AB703FC00296488 /* MobileNumberView.swift in Sources */ = {isa = PBXBuildFile; fileRef = CBF901EB2AB703FC00296488 /* MobileNumberView.swift */; };
		CBF901EF2AB7067000296488 /* CountryPicker in Frameworks */ = {isa = PBXBuildFile; productRef = CBF901EE2AB7067000296488 /* CountryPicker */; };
		CBF901F12AB706A200296488 /* CountryPickerUI.swift in Sources */ = {isa = PBXBuildFile; fileRef = CBF901F02AB706A200296488 /* CountryPickerUI.swift */; };
		CBFE45EC2AB81A6500751656 /* OTPView.swift in Sources */ = {isa = PBXBuildFile; fileRef = CBFE45EB2AB81A6500751656 /* OTPView.swift */; };
		CBFE45EE2AB81A7F00751656 /* OTPTextField.swift in Sources */ = {isa = PBXBuildFile; fileRef = CBFE45ED2AB81A7F00751656 /* OTPTextField.swift */; };
		CBFE45F02AB81DA200751656 /* SignInView.swift in Sources */ = {isa = PBXBuildFile; fileRef = CBFE45EF2AB81DA200751656 /* SignInView.swift */; };
		CBFE45F22AB81E1100751656 /* LineTextField.swift in Sources */ = {isa = PBXBuildFile; fileRef = CBFE45F12AB81E1100751656 /* LineTextField.swift */; };
		CBFE45F42AB820CA00751656 /* SignUpView.swift in Sources */ = {isa = PBXBuildFile; fileRef = CBFE45F32AB820CA00751656 /* SignUpView.swift */; };
/* End PBXBuildFile section */

/* Begin PBXFileReference section */
		CB0162852BC8F79700983BB5 /* UserRunRideViewModel.swift */ = {isa = PBXFileReference; lastKnownFileType = sourcecode.swift; path = UserRunRideViewModel.swift; sourceTree = "<group>"; };
		CB0162872BC8F9CE00983BB5 /* UserRunTipView.swift */ = {isa = PBXFileReference; lastKnownFileType = sourcecode.swift; path = UserRunTipView.swift; sourceTree = "<group>"; };
		CB04A7622B3E752900FDDEAE /* ProfileImageView.swift */ = {isa = PBXFileReference; lastKnownFileType = sourcecode.swift; path = ProfileImageView.swift; sourceTree = "<group>"; };
		CB04A7642B3E772C00FDDEAE /* ImagePicker.swift */ = {isa = PBXFileReference; lastKnownFileType = sourcecode.swift; path = ImagePicker.swift; sourceTree = "<group>"; };
		CB04BEC82ADF836C008AADA9 /* MyRatingView.swift */ = {isa = PBXFileReference; lastKnownFileType = sourcecode.swift; path = MyRatingView.swift; sourceTree = "<group>"; };
		CB04BECA2ADF83CD008AADA9 /* RatingRow.swift */ = {isa = PBXFileReference; lastKnownFileType = sourcecode.swift; path = RatingRow.swift; sourceTree = "<group>"; };
		CB0B03552B96ED6F00DAC455 /* DBHelper.swift */ = {isa = PBXFileReference; lastKnownFileType = sourcecode.swift; path = DBHelper.swift; sourceTree = "<group>"; };
		CB13DEEB2AD11CED00D3D69C /* IconTitleSubtitleButton.swift */ = {isa = PBXFileReference; lastKnownFileType = sourcecode.swift; path = IconTitleSubtitleButton.swift; sourceTree = "<group>"; };
		CB1501E52AD9034F0002AE2B /* EarningView.swift */ = {isa = PBXFileReference; lastKnownFileType = sourcecode.swift; path = EarningView.swift; sourceTree = "<group>"; };
		CB231CF12B413B9F00A6196D /* ServiceModel.swift */ = {isa = PBXFileReference; lastKnownFileType = sourcecode.swift; path = ServiceModel.swift; sourceTree = "<group>"; };
		CB231CF32B413C6C00A6196D /* DriverEditProfileView.swift */ = {isa = PBXFileReference; lastKnownFileType = sourcecode.swift; path = DriverEditProfileView.swift; sourceTree = "<group>"; };
		CB341BA72BBD0A0B0093D421 /* en.json */ = {isa = PBXFileReference; fileEncoding = 4; lastKnownFileType = text.json; path = en.json; sourceTree = "<group>"; };
		CB341BA92BBD0A2B0093D421 /* Road.swift */ = {isa = PBXFileReference; lastKnownFileType = sourcecode.swift; path = Road.swift; sourceTree = "<group>"; };
		CB341BAB2BBD0AAC0093D421 /* RoadManager.swift */ = {isa = PBXFileReference; lastKnownFileType = sourcecode.swift; path = RoadManager.swift; sourceTree = "<group>"; };
		CB341BB02BBD0D300093D421 /* ServicePriceModel.swift */ = {isa = PBXFileReference; lastKnownFileType = sourcecode.swift; path = ServicePriceModel.swift; sourceTree = "<group>"; };
		CB3C00902AD61E4300E152EC /* MenuView.swift */ = {isa = PBXFileReference; lastKnownFileType = sourcecode.swift; path = MenuView.swift; sourceTree = "<group>"; };
		CB3EB45C2AD51C6300C26505 /* BackgroundCleanerView.swift */ = {isa = PBXFileReference; lastKnownFileType = sourcecode.swift; path = BackgroundCleanerView.swift; sourceTree = "<group>"; };
		CB3EB45E2AD51D0E00C26505 /* VisualEffectView.swift */ = {isa = PBXFileReference; lastKnownFileType = sourcecode.swift; path = VisualEffectView.swift; sourceTree = "<group>"; };
		CB3EB4602AD522FF00C26505 /* ReasonView.swift */ = {isa = PBXFileReference; lastKnownFileType = sourcecode.swift; path = ReasonView.swift; sourceTree = "<group>"; };
		CB40BB152B539E79008FBB1E /* SocketViewModel.swift */ = {isa = PBXFileReference; lastKnownFileType = sourcecode.swift; path = SocketViewModel.swift; sourceTree = "<group>"; };
		CB4388A22BC408280032E5E9 /* DriverRunRideViewModel.swift */ = {isa = PBXFileReference; lastKnownFileType = sourcecode.swift; path = DriverRunRideViewModel.swift; sourceTree = "<group>"; };
		CB49C9CF2B562DAE008568A7 /* SupportUserModel.swift */ = {isa = PBXFileReference; lastKnownFileType = sourcecode.swift; path = SupportUserModel.swift; sourceTree = "<group>"; };
		CB49C9D12B563004008568A7 /* MessageModel.swift */ = {isa = PBXFileReference; lastKnownFileType = sourcecode.swift; path = MessageModel.swift; sourceTree = "<group>"; };
		CB49C9D32B5630A8008568A7 /* SupportViewModel.swift */ = {isa = PBXFileReference; lastKnownFileType = sourcecode.swift; path = SupportViewModel.swift; sourceTree = "<group>"; };
		CB4C20C72AD29A5D0081B3FE /* TipRequestView.swift */ = {isa = PBXFileReference; lastKnownFileType = sourcecode.swift; path = TipRequestView.swift; sourceTree = "<group>"; };
		CB4C20C92AD29E600081B3FE /* MyMapView.swift */ = {isa = PBXFileReference; lastKnownFileType = sourcecode.swift; path = MyMapView.swift; sourceTree = "<group>"; };
		CB4CE6FD2BB9580700A42220 /* UserHomeViewModel.swift */ = {isa = PBXFileReference; lastKnownFileType = sourcecode.swift; path = UserHomeViewModel.swift; sourceTree = "<group>"; };
		CB4CE6FF2BB960F000A42220 /* LocationBooking.swift */ = {isa = PBXFileReference; lastKnownFileType = sourcecode.swift; path = LocationBooking.swift; sourceTree = "<group>"; };
		CB4D82822ADCEB0100CE2AC1 /* SettingsView.swift */ = {isa = PBXFileReference; lastKnownFileType = sourcecode.swift; path = SettingsView.swift; sourceTree = "<group>"; };
		CB4D82842ADCEB1600CE2AC1 /* MyVehicleView.swift */ = {isa = PBXFileReference; lastKnownFileType = sourcecode.swift; path = MyVehicleView.swift; sourceTree = "<group>"; };
		CB4D82862ADCEB2900CE2AC1 /* SettingRow.swift */ = {isa = PBXFileReference; lastKnownFileType = sourcecode.swift; path = SettingRow.swift; sourceTree = "<group>"; };
		CB4D82882ADCEDB000CE2AC1 /* VehicleRow.swift */ = {isa = PBXFileReference; lastKnownFileType = sourcecode.swift; path = VehicleRow.swift; sourceTree = "<group>"; };
		CB4D828A2ADCEE2A00CE2AC1 /* MyVelicleDetailView.swift */ = {isa = PBXFileReference; lastKnownFileType = sourcecode.swift; path = MyVelicleDetailView.swift; sourceTree = "<group>"; };
		CB4D828C2ADCEF6000CE2AC1 /* VehicleDocumentRow.swift */ = {isa = PBXFileReference; lastKnownFileType = sourcecode.swift; path = VehicleDocumentRow.swift; sourceTree = "<group>"; };
		CB5074662ABABD8500B4C834 /* AddVehicleView.swift */ = {isa = PBXFileReference; lastKnownFileType = sourcecode.swift; path = AddVehicleView.swift; sourceTree = "<group>"; };
		CB5074682ABABE9800B4C834 /* VehicleDocumentView.swift */ = {isa = PBXFileReference; lastKnownFileType = sourcecode.swift; path = VehicleDocumentView.swift; sourceTree = "<group>"; };
		CB50746A2ABABEEB00B4C834 /* SubscriptionPlanView.swift */ = {isa = PBXFileReference; lastKnownFileType = sourcecode.swift; path = SubscriptionPlanView.swift; sourceTree = "<group>"; };
		CB5859B22ADC10C800540729 /* WalletView.swift */ = {isa = PBXFileReference; lastKnownFileType = sourcecode.swift; path = WalletView.swift; sourceTree = "<group>"; };
		CB5859B42ADC10E300540729 /* AddMoneyWalletView.swift */ = {isa = PBXFileReference; lastKnownFileType = sourcecode.swift; path = AddMoneyWalletView.swift; sourceTree = "<group>"; };
		CB5859B62ADC11D000540729 /* WalletRow.swift */ = {isa = PBXFileReference; lastKnownFileType = sourcecode.swift; path = WalletRow.swift; sourceTree = "<group>"; };
		CB5A3BEE2BD2F5F9001BEB4B /* TipDetailViewModel.swift */ = {isa = PBXFileReference; lastKnownFileType = sourcecode.swift; path = TipDetailViewModel.swift; sourceTree = "<group>"; };
		CB5F75C82BE5A54E0032C7B8 /* ChangePasswordView.swift */ = {isa = PBXFileReference; lastKnownFileType = sourcecode.swift; path = ChangePasswordView.swift; sourceTree = "<group>"; };
		CB608E522ADE412100B5B793 /* MyProfileDetailsView.swift */ = {isa = PBXFileReference; lastKnownFileType = sourcecode.swift; path = MyProfileDetailsView.swift; sourceTree = "<group>"; };
		CB608E542ADE45D300B5B793 /* EditProfileView.swift */ = {isa = PBXFileReference; lastKnownFileType = sourcecode.swift; path = EditProfileView.swift; sourceTree = "<group>"; };
		CB6C59B52BDD468100AF8818 /* DocumentViewModel.swift */ = {isa = PBXFileReference; lastKnownFileType = sourcecode.swift; path = DocumentViewModel.swift; sourceTree = "<group>"; };
		CB6C59B72BDD46C300AF8818 /* DocumentModel.swift */ = {isa = PBXFileReference; lastKnownFileType = sourcecode.swift; path = DocumentModel.swift; sourceTree = "<group>"; };
		CB7876EA2BCD98880087EF43 /* DriverMyRideView.swift */ = {isa = PBXFileReference; lastKnownFileType = sourcecode.swift; path = DriverMyRideView.swift; sourceTree = "<group>"; };
		CB79EE292AD3BACF007F38CF /* RunTripView.swift */ = {isa = PBXFileReference; lastKnownFileType = sourcecode.swift; path = RunTripView.swift; sourceTree = "<group>"; };
		CB8678742B5B76BF008322D5 /* UserHomeView.swift */ = {isa = PBXFileReference; lastKnownFileType = sourcecode.swift; path = UserHomeView.swift; sourceTree = "<group>"; };
		CB88DBED2BE8110B0016BB6C /* ContactUsViewModel.swift */ = {isa = PBXFileReference; lastKnownFileType = sourcecode.swift; path = ContactUsViewModel.swift; sourceTree = "<group>"; };
		CB88DBEF2BE813160016BB6C /* ContactUsView.swift */ = {isa = PBXFileReference; lastKnownFileType = sourcecode.swift; path = ContactUsView.swift; sourceTree = "<group>"; };
		CB88DD862ADA3E6900FED1CA /* SummaryView.swift */ = {isa = PBXFileReference; lastKnownFileType = sourcecode.swift; path = SummaryView.swift; sourceTree = "<group>"; };
		CB88DD882ADA3FB200FED1CA /* TodaySummaryRow.swift */ = {isa = PBXFileReference; lastKnownFileType = sourcecode.swift; path = TodaySummaryRow.swift; sourceTree = "<group>"; };
		CB88DD8A2ADA3FCD00FED1CA /* WeeklySummaryRow.swift */ = {isa = PBXFileReference; lastKnownFileType = sourcecode.swift; path = WeeklySummaryRow.swift; sourceTree = "<group>"; };
		CB8AACE42BBAF661001D6787 /* ZoneModel.swift */ = {isa = PBXFileReference; lastKnownFileType = sourcecode.swift; path = ZoneModel.swift; sourceTree = "<group>"; };
		CB8AACE62BBAF8A6001D6787 /* MapKitUtils.swift */ = {isa = PBXFileReference; lastKnownFileType = sourcecode.swift; path = MapKitUtils.swift; sourceTree = "<group>"; };
		CBA2C15A2BD99D83001A812F /* SummaryViewModel.swift */ = {isa = PBXFileReference; lastKnownFileType = sourcecode.swift; path = SummaryViewModel.swift; sourceTree = "<group>"; };
		CBA7907E2B45136300A8288B /* CarViewModel.swift */ = {isa = PBXFileReference; lastKnownFileType = sourcecode.swift; path = CarViewModel.swift; sourceTree = "<group>"; };
		CBA903922AE289DC00A7D1E9 /* TipsListView.swift */ = {isa = PBXFileReference; lastKnownFileType = sourcecode.swift; path = TipsListView.swift; sourceTree = "<group>"; };
		CBA903942AE28B2A00A7D1E9 /* HelpView.swift */ = {isa = PBXFileReference; lastKnownFileType = sourcecode.swift; path = HelpView.swift; sourceTree = "<group>"; };
		CBA903962AE28B6600A7D1E9 /* HelpRow.swift */ = {isa = PBXFileReference; lastKnownFileType = sourcecode.swift; path = HelpRow.swift; sourceTree = "<group>"; };
		CBAED7532B426C600080A47B /* ProfileViewModel.swift */ = {isa = PBXFileReference; lastKnownFileType = sourcecode.swift; path = ProfileViewModel.swift; sourceTree = "<group>"; };
		CBB02FA42AB96C70009C42DB /* BankDetailsView.swift */ = {isa = PBXFileReference; lastKnownFileType = sourcecode.swift; path = BankDetailsView.swift; sourceTree = "<group>"; };
		CBB02FA62AB96DE2009C42DB /* DocumentUploadView.swift */ = {isa = PBXFileReference; lastKnownFileType = sourcecode.swift; path = DocumentUploadView.swift; sourceTree = "<group>"; };
		CBB02FA82AB96E42009C42DB /* DocumentRow.swift */ = {isa = PBXFileReference; lastKnownFileType = sourcecode.swift; path = DocumentRow.swift; sourceTree = "<group>"; };
		CBB5FF572B3A845F00309277 /* ServiceCall.swift */ = {isa = PBXFileReference; lastKnownFileType = sourcecode.swift; path = ServiceCall.swift; sourceTree = "<group>"; };
		CBB5FF592B3A847900309277 /* Globs.swift */ = {isa = PBXFileReference; lastKnownFileType = sourcecode.swift; path = Globs.swift; sourceTree = "<group>"; };
		CBB6CF7F2BCCEEED000CF48E /* MyRideViewModel.swift */ = {isa = PBXFileReference; lastKnownFileType = sourcecode.swift; path = MyRideViewModel.swift; sourceTree = "<group>"; };
		CBB6CF812BCCF097000CF48E /* UserMyRidesView.swift */ = {isa = PBXFileReference; lastKnownFileType = sourcecode.swift; path = UserMyRidesView.swift; sourceTree = "<group>"; };
		CBC52B782BBFBDD000E904A9 /* LocationManagerViewModel.swift */ = {isa = PBXFileReference; lastKnownFileType = sourcecode.swift; path = LocationManagerViewModel.swift; sourceTree = "<group>"; };
		CBCB7F5E2AD11450008DC040 /* HomeView.swift */ = {isa = PBXFileReference; lastKnownFileType = sourcecode.swift; path = HomeView.swift; sourceTree = "<group>"; };
		CBD647E22B3A0D7700867954 /* GoogleService-Info.plist */ = {isa = PBXFileReference; fileEncoding = 4; lastKnownFileType = text.plist.xml; path = "GoogleService-Info.plist"; sourceTree = "<group>"; };
		CBD647E42B3A0D9300867954 /* taxi_driver.entitlements */ = {isa = PBXFileReference; lastKnownFileType = text.plist.entitlements; path = taxi_driver.entitlements; sourceTree = "<group>"; };
		CBD647E62B3A0DC300867954 /* LoginViewModel.swift */ = {isa = PBXFileReference; lastKnownFileType = sourcecode.swift; path = LoginViewModel.swift; sourceTree = "<group>"; };
		CBE545292B3FE5A100446969 /* MainViewModel.swift */ = {isa = PBXFileReference; lastKnownFileType = sourcecode.swift; path = MainViewModel.swift; sourceTree = "<group>"; };
		CBE8DC732AD7AFB60042DDDE /* TripDetailsView.swift */ = {isa = PBXFileReference; lastKnownFileType = sourcecode.swift; path = TripDetailsView.swift; sourceTree = "<group>"; };
		CBE8DC792AD7B7300042DDDE /* TitleSubtitleButton.swift */ = {isa = PBXFileReference; lastKnownFileType = sourcecode.swift; path = TitleSubtitleButton.swift; sourceTree = "<group>"; };
		CBE8DC7B2AD7B7910042DDDE /* TitleSubtitleRow.swift */ = {isa = PBXFileReference; lastKnownFileType = sourcecode.swift; path = TitleSubtitleRow.swift; sourceTree = "<group>"; };
		CBF0F35F2BC109D5007C004E /* DriverViewModel.swift */ = {isa = PBXFileReference; lastKnownFileType = sourcecode.swift; path = DriverViewModel.swift; sourceTree = "<group>"; };
		CBF3F4E22B559D0C00D7D5CE /* SupportMessageView.swift */ = {isa = PBXFileReference; lastKnownFileType = sourcecode.swift; path = SupportMessageView.swift; sourceTree = "<group>"; };
		CBF3F4E42B55A22800D7D5CE /* SupportUserView.swift */ = {isa = PBXFileReference; lastKnownFileType = sourcecode.swift; path = SupportUserView.swift; sourceTree = "<group>"; };
		CBF901B22AB6D57600296488 /* taxi_driver.app */ = {isa = PBXFileReference; explicitFileType = wrapper.application; includeInIndex = 0; path = taxi_driver.app; sourceTree = BUILT_PRODUCTS_DIR; };
		CBF901B52AB6D57600296488 /* taxi_driverApp.swift */ = {isa = PBXFileReference; lastKnownFileType = sourcecode.swift; path = taxi_driverApp.swift; sourceTree = "<group>"; };
		CBF901B92AB6D57700296488 /* Assets.xcassets */ = {isa = PBXFileReference; lastKnownFileType = folder.assetcatalog; path = Assets.xcassets; sourceTree = "<group>"; };
		CBF901BC2AB6D57700296488 /* Preview Assets.xcassets */ = {isa = PBXFileReference; lastKnownFileType = folder.assetcatalog; path = "Preview Assets.xcassets"; sourceTree = "<group>"; };
		CBF901C42AB6D5D600296488 /* NunitoSans-ExtraBold.ttf */ = {isa = PBXFileReference; lastKnownFileType = file; path = "NunitoSans-ExtraBold.ttf"; sourceTree = "<group>"; };
		CBF901C52AB6D5D600296488 /* NunitoSans-Medium.ttf */ = {isa = PBXFileReference; lastKnownFileType = file; path = "NunitoSans-Medium.ttf"; sourceTree = "<group>"; };
		CBF901C62AB6D5D600296488 /* NunitoSans-Regular.ttf */ = {isa = PBXFileReference; lastKnownFileType = file; path = "NunitoSans-Regular.ttf"; sourceTree = "<group>"; };
		CBF901C72AB6D5D600296488 /* NunitoSans-SemiBold.ttf */ = {isa = PBXFileReference; lastKnownFileType = file; path = "NunitoSans-SemiBold.ttf"; sourceTree = "<group>"; };
		CBF901C82AB6D5D600296488 /* NunitoSans-Bold.ttf */ = {isa = PBXFileReference; lastKnownFileType = file; path = "NunitoSans-Bold.ttf"; sourceTree = "<group>"; };
		CBF901D12AB6D63500296488 /* UIExtension.swift */ = {isa = PBXFileReference; fileEncoding = 4; lastKnownFileType = sourcecode.swift; path = UIExtension.swift; sourceTree = "<group>"; };
		CBF901D32AB6D74A00296488 /* taxi-driver-Info.plist */ = {isa = PBXFileReference; lastKnownFileType = text.plist; path = "taxi-driver-Info.plist"; sourceTree = SOURCE_ROOT; };
		CBF901E52AB6F93E00296488 /* ChangeLanguageView.swift */ = {isa = PBXFileReference; lastKnownFileType = sourcecode.swift; path = ChangeLanguageView.swift; sourceTree = "<group>"; };
		CBF901E72AB6FD1400296488 /* Launch Screen.storyboard */ = {isa = PBXFileReference; lastKnownFileType = file.storyboard; path = "Launch Screen.storyboard"; sourceTree = "<group>"; };
		CBF901E92AB7016A00296488 /* WelcomeView.swift */ = {isa = PBXFileReference; lastKnownFileType = sourcecode.swift; path = WelcomeView.swift; sourceTree = "<group>"; };
		CBF901EB2AB703FC00296488 /* MobileNumberView.swift */ = {isa = PBXFileReference; lastKnownFileType = sourcecode.swift; path = MobileNumberView.swift; sourceTree = "<group>"; };
		CBF901F02AB706A200296488 /* CountryPickerUI.swift */ = {isa = PBXFileReference; lastKnownFileType = sourcecode.swift; path = CountryPickerUI.swift; sourceTree = "<group>"; };
		CBFE45EB2AB81A6500751656 /* OTPView.swift */ = {isa = PBXFileReference; lastKnownFileType = sourcecode.swift; path = OTPView.swift; sourceTree = "<group>"; };
		CBFE45ED2AB81A7F00751656 /* OTPTextField.swift */ = {isa = PBXFileReference; lastKnownFileType = sourcecode.swift; path = OTPTextField.swift; sourceTree = "<group>"; };
		CBFE45EF2AB81DA200751656 /* SignInView.swift */ = {isa = PBXFileReference; lastKnownFileType = sourcecode.swift; path = SignInView.swift; sourceTree = "<group>"; };
		CBFE45F12AB81E1100751656 /* LineTextField.swift */ = {isa = PBXFileReference; lastKnownFileType = sourcecode.swift; path = LineTextField.swift; sourceTree = "<group>"; };
		CBFE45F32AB820CA00751656 /* SignUpView.swift */ = {isa = PBXFileReference; lastKnownFileType = sourcecode.swift; path = SignUpView.swift; sourceTree = "<group>"; };
/* End PBXFileReference section */

/* Begin PBXFrameworksBuildPhase section */
		CBF901AF2AB6D57600296488 /* Frameworks */ = {
			isa = PBXFrameworksBuildPhase;
			buildActionMask = 2147483647;
			files = (
				CBD647CB2B3A0D0700867954 /* FirebaseFunctions in Frameworks */,
				CBD647C12B3A0D0700867954 /* FirebaseDatabaseSwift in Frameworks */,
				CBD647D12B3A0D0700867954 /* FirebaseInAppMessagingSwift-Beta in Frameworks */,
				CBD647D72B3A0D0700867954 /* FirebaseMessaging in Frameworks */,
				CBD647B72B3A0D0700867954 /* FirebaseAppDistribution-Beta in Frameworks */,
				CBD647BB2B3A0D0700867954 /* FirebaseAuthCombine-Community in Frameworks */,
				CBD647C72B3A0D0700867954 /* FirebaseFirestoreCombine-Community in Frameworks */,
				CBD647B12B3A0D0700867954 /* FirebaseAnalyticsSwift in Frameworks */,
				CBD647D52B3A0D0700867954 /* FirebaseMLModelDownloader in Frameworks */,
				CBD647B32B3A0D0700867954 /* FirebaseAnalyticsWithoutAdIdSupport in Frameworks */,
				CBD647AD2B3A0D0700867954 /* FirebaseAnalytics in Frameworks */,
				CBD647C92B3A0D0700867954 /* FirebaseFirestoreSwift in Frameworks */,
				CBD647AF2B3A0D0700867954 /* FirebaseAnalyticsOnDeviceConversion in Frameworks */,
				CBD647B52B3A0D0700867954 /* FirebaseAppCheck in Frameworks */,
				CBD647D92B3A0D0700867954 /* FirebasePerformance in Frameworks */,
				CBD647CF2B3A0D0700867954 /* FirebaseInAppMessaging-Beta in Frameworks */,
				CBD647CD2B3A0D0700867954 /* FirebaseFunctionsCombine-Community in Frameworks */,
				CBD647BD2B3A0D0700867954 /* FirebaseCrashlytics in Frameworks */,
				CBD647D32B3A0D0700867954 /* FirebaseInstallations in Frameworks */,
				CBD647DB2B3A0D0700867954 /* FirebaseRemoteConfig in Frameworks */,
				CB0B03542B96ED0A00DAC455 /* SQLite in Frameworks */,
				CBD647DF2B3A0D0700867954 /* FirebaseStorage in Frameworks */,
				CBD647BF2B3A0D0700867954 /* FirebaseDatabase in Frameworks */,
				CBD647E12B3A0D0700867954 /* FirebaseStorageCombine-Community in Frameworks */,
				CB40BB142B539E5F008FBB1E /* SocketIO in Frameworks */,
				CB341BAF2BBD0AE80093D421 /* Alamofire in Frameworks */,
				CBF901EF2AB7067000296488 /* CountryPicker in Frameworks */,
				CBD647B92B3A0D0700867954 /* FirebaseAuth in Frameworks */,
				CBF200742B47BC0A000E245B /* SDWebImageSwiftUI in Frameworks */,
				CBD647C32B3A0D0700867954 /* FirebaseDynamicLinks in Frameworks */,
				CBD647C52B3A0D0700867954 /* FirebaseFirestore in Frameworks */,
				CBD647DD2B3A0D0700867954 /* FirebaseRemoteConfigSwift in Frameworks */,
			);
			runOnlyForDeploymentPostprocessing = 0;
		};
/* End PBXFrameworksBuildPhase section */

/* Begin PBXGroup section */
		CB231CF02B413B8700A6196D /* Model */ = {
			isa = PBXGroup;
			children = (
				CB231CF12B413B9F00A6196D /* ServiceModel.swift */,
				CB49C9CF2B562DAE008568A7 /* SupportUserModel.swift */,
				CB49C9D12B563004008568A7 /* MessageModel.swift */,
				CB4CE6FF2BB960F000A42220 /* LocationBooking.swift */,
				CB8AACE42BBAF661001D6787 /* ZoneModel.swift */,
				CB341BA92BBD0A2B0093D421 /* Road.swift */,
				CB341BB02BBD0D300093D421 /* ServicePriceModel.swift */,
				CB6C59B72BDD46C300AF8818 /* DocumentModel.swift */,
			);
			path = Model;
			sourceTree = "<group>";
		};
		CB3C008F2AD61E2900E152EC /* Menu */ = {
			isa = PBXGroup;
			children = (
				CBF3F4E12B559CF300D7D5CE /* Support */,
				CB3C00902AD61E4300E152EC /* MenuView.swift */,
				CB1501E52AD9034F0002AE2B /* EarningView.swift */,
				CB88DD862ADA3E6900FED1CA /* SummaryView.swift */,
				CB5859B22ADC10C800540729 /* WalletView.swift */,
				CB5859B42ADC10E300540729 /* AddMoneyWalletView.swift */,
				CB4D82822ADCEB0100CE2AC1 /* SettingsView.swift */,
				CB4D82842ADCEB1600CE2AC1 /* MyVehicleView.swift */,
				CB4D828A2ADCEE2A00CE2AC1 /* MyVelicleDetailView.swift */,
				CB608E522ADE412100B5B793 /* MyProfileDetailsView.swift */,
				CB608E542ADE45D300B5B793 /* EditProfileView.swift */,
				CB04BEC82ADF836C008AADA9 /* MyRatingView.swift */,
				CBA903922AE289DC00A7D1E9 /* TipsListView.swift */,
				CBA903942AE28B2A00A7D1E9 /* HelpView.swift */,
				CB231CF32B413C6C00A6196D /* DriverEditProfileView.swift */,
				CB5F75C82BE5A54E0032C7B8 /* ChangePasswordView.swift */,
				CB88DBEF2BE813160016BB6C /* ContactUsView.swift */,
			);
			path = Menu;
			sourceTree = "<group>";
		};
		CB8678732B5B76A2008322D5 /* UserHome */ = {
			isa = PBXGroup;
			children = (
				CB8678742B5B76BF008322D5 /* UserHomeView.swift */,
				CB0162872BC8F9CE00983BB5 /* UserRunTipView.swift */,
				CBB6CF812BCCF097000CF48E /* UserMyRidesView.swift */,
			);
			path = UserHome;
			sourceTree = "<group>";
		};
		CBD647E52B3A0DAC00867954 /* ViewModel */ = {
			isa = PBXGroup;
			children = (
				CBD647E62B3A0DC300867954 /* LoginViewModel.swift */,
				CBE545292B3FE5A100446969 /* MainViewModel.swift */,
				CBAED7532B426C600080A47B /* ProfileViewModel.swift */,
				CBA7907E2B45136300A8288B /* CarViewModel.swift */,
				CB40BB152B539E79008FBB1E /* SocketViewModel.swift */,
				CB49C9D32B5630A8008568A7 /* SupportViewModel.swift */,
				CB4CE6FD2BB9580700A42220 /* UserHomeViewModel.swift */,
				CBC52B782BBFBDD000E904A9 /* LocationManagerViewModel.swift */,
				CBF0F35F2BC109D5007C004E /* DriverViewModel.swift */,
				CB4388A22BC408280032E5E9 /* DriverRunRideViewModel.swift */,
				CB0162852BC8F79700983BB5 /* UserRunRideViewModel.swift */,
				CBB6CF7F2BCCEEED000CF48E /* MyRideViewModel.swift */,
				CB5A3BEE2BD2F5F9001BEB4B /* TipDetailViewModel.swift */,
				CBA2C15A2BD99D83001A812F /* SummaryViewModel.swift */,
				CB6C59B52BDD468100AF8818 /* DocumentViewModel.swift */,
				CB88DBED2BE8110B0016BB6C /* ContactUsViewModel.swift */,
			);
			path = ViewModel;
			sourceTree = "<group>";
		};
		CBF3F4E12B559CF300D7D5CE /* Support */ = {
			isa = PBXGroup;
			children = (
				CBF3F4E22B559D0C00D7D5CE /* SupportMessageView.swift */,
				CBF3F4E42B55A22800D7D5CE /* SupportUserView.swift */,
			);
			path = Support;
			sourceTree = "<group>";
		};
		CBF901A92AB6D57600296488 = {
			isa = PBXGroup;
			children = (
				CBF901B42AB6D57600296488 /* taxi_driver */,
				CBF901B32AB6D57600296488 /* Products */,
			);
			sourceTree = "<group>";
		};
		CBF901B32AB6D57600296488 /* Products */ = {
			isa = PBXGroup;
			children = (
				CBF901B22AB6D57600296488 /* taxi_driver.app */,
			);
			name = Products;
			sourceTree = "<group>";
		};
		CBF901B42AB6D57600296488 /* taxi_driver */ = {
			isa = PBXGroup;
			children = (
				CBD647E42B3A0D9300867954 /* taxi_driver.entitlements */,
				CB341BA72BBD0A0B0093D421 /* en.json */,
				CBF901D32AB6D74A00296488 /* taxi-driver-Info.plist */,
				CBF901D02AB6D61B00296488 /* View */,
				CB231CF02B413B8700A6196D /* Model */,
				CBD647E52B3A0DAC00867954 /* ViewModel */,
				CBF901CF2AB6D61200296488 /* Common */,
				CBF901CE2AB6D60800296488 /* UICommon */,
				CBF901C32AB6D5B400296488 /* Fonts */,
				CBF901B52AB6D57600296488 /* taxi_driverApp.swift */,
				CBF901B92AB6D57700296488 /* Assets.xcassets */,
				CBF901BB2AB6D57700296488 /* Preview Content */,
				CBF901E72AB6FD1400296488 /* Launch Screen.storyboard */,
				CBD647E22B3A0D7700867954 /* GoogleService-Info.plist */,
			);
			path = taxi_driver;
			sourceTree = "<group>";
		};
		CBF901BB2AB6D57700296488 /* Preview Content */ = {
			isa = PBXGroup;
			children = (
				CBF901BC2AB6D57700296488 /* Preview Assets.xcassets */,
			);
			path = "Preview Content";
			sourceTree = "<group>";
		};
		CBF901C32AB6D5B400296488 /* Fonts */ = {
			isa = PBXGroup;
			children = (
				CBF901C82AB6D5D600296488 /* NunitoSans-Bold.ttf */,
				CBF901C42AB6D5D600296488 /* NunitoSans-ExtraBold.ttf */,
				CBF901C52AB6D5D600296488 /* NunitoSans-Medium.ttf */,
				CBF901C62AB6D5D600296488 /* NunitoSans-Regular.ttf */,
				CBF901C72AB6D5D600296488 /* NunitoSans-SemiBold.ttf */,
			);
			path = Fonts;
			sourceTree = "<group>";
		};
		CBF901CE2AB6D60800296488 /* UICommon */ = {
			isa = PBXGroup;
			children = (
				CBF901D12AB6D63500296488 /* UIExtension.swift */,
				CBF901F02AB706A200296488 /* CountryPickerUI.swift */,
				CBFE45ED2AB81A7F00751656 /* OTPTextField.swift */,
				CBFE45F12AB81E1100751656 /* LineTextField.swift */,
				CBB02FA82AB96E42009C42DB /* DocumentRow.swift */,
				CB13DEEB2AD11CED00D3D69C /* IconTitleSubtitleButton.swift */,
				CB3EB45C2AD51C6300C26505 /* BackgroundCleanerView.swift */,
				CB3EB45E2AD51D0E00C26505 /* VisualEffectView.swift */,
				CBE8DC792AD7B7300042DDDE /* TitleSubtitleButton.swift */,
				CBE8DC7B2AD7B7910042DDDE /* TitleSubtitleRow.swift */,
				CB88DD882ADA3FB200FED1CA /* TodaySummaryRow.swift */,
				CB88DD8A2ADA3FCD00FED1CA /* WeeklySummaryRow.swift */,
				CB5859B62ADC11D000540729 /* WalletRow.swift */,
				CB4D82862ADCEB2900CE2AC1 /* SettingRow.swift */,
				CB4D82882ADCEDB000CE2AC1 /* VehicleRow.swift */,
				CB4D828C2ADCEF6000CE2AC1 /* VehicleDocumentRow.swift */,
				CB04BECA2ADF83CD008AADA9 /* RatingRow.swift */,
				CBA903962AE28B6600A7D1E9 /* HelpRow.swift */,
				CBB5FF572B3A845F00309277 /* ServiceCall.swift */,
				CBB5FF592B3A847900309277 /* Globs.swift */,
				CB04A7642B3E772C00FDDEAE /* ImagePicker.swift */,
			);
			path = UICommon;
			sourceTree = "<group>";
		};
		CBF901CF2AB6D61200296488 /* Common */ = {
			isa = PBXGroup;
			children = (
				CB0B03552B96ED6F00DAC455 /* DBHelper.swift */,
				CB341BAB2BBD0AAC0093D421 /* RoadManager.swift */,
				CB8AACE62BBAF8A6001D6787 /* MapKitUtils.swift */,
			);
			path = Common;
			sourceTree = "<group>";
		};
		CBF901D02AB6D61B00296488 /* View */ = {
			isa = PBXGroup;
			children = (
				CB8678732B5B76A2008322D5 /* UserHome */,
				CB3C008F2AD61E2900E152EC /* Menu */,
				CBF901D52AB6D7E900296488 /* Home */,
				CBF901D42AB6D7DD00296488 /* Login */,
			);
			path = View;
			sourceTree = "<group>";
		};
		CBF901D42AB6D7DD00296488 /* Login */ = {
			isa = PBXGroup;
			children = (
				CBF901E52AB6F93E00296488 /* ChangeLanguageView.swift */,
				CBF901E92AB7016A00296488 /* WelcomeView.swift */,
				CBF901EB2AB703FC00296488 /* MobileNumberView.swift */,
				CBFE45EB2AB81A6500751656 /* OTPView.swift */,
				CBFE45EF2AB81DA200751656 /* SignInView.swift */,
				CBFE45F32AB820CA00751656 /* SignUpView.swift */,
				CBB02FA42AB96C70009C42DB /* BankDetailsView.swift */,
				CBB02FA62AB96DE2009C42DB /* DocumentUploadView.swift */,
				CB5074662ABABD8500B4C834 /* AddVehicleView.swift */,
				CB5074682ABABE9800B4C834 /* VehicleDocumentView.swift */,
				CB50746A2ABABEEB00B4C834 /* SubscriptionPlanView.swift */,
				CB04A7622B3E752900FDDEAE /* ProfileImageView.swift */,
			);
			path = Login;
			sourceTree = "<group>";
		};
		CBF901D52AB6D7E900296488 /* Home */ = {
			isa = PBXGroup;
			children = (
				CBCB7F5E2AD11450008DC040 /* HomeView.swift */,
				CB4C20C72AD29A5D0081B3FE /* TipRequestView.swift */,
				CB4C20C92AD29E600081B3FE /* MyMapView.swift */,
				CB79EE292AD3BACF007F38CF /* RunTripView.swift */,
				CB3EB4602AD522FF00C26505 /* ReasonView.swift */,
				CBE8DC732AD7AFB60042DDDE /* TripDetailsView.swift */,
				CB7876EA2BCD98880087EF43 /* DriverMyRideView.swift */,
			);
			path = Home;
			sourceTree = "<group>";
		};
/* End PBXGroup section */

/* Begin PBXNativeTarget section */
		CBF901B12AB6D57600296488 /* taxi_driver */ = {
			isa = PBXNativeTarget;
			buildConfigurationList = CBF901C02AB6D57700296488 /* Build configuration list for PBXNativeTarget "taxi_driver" */;
			buildPhases = (
				CBF901AE2AB6D57600296488 /* Sources */,
				CBF901AF2AB6D57600296488 /* Frameworks */,
				CBF901B02AB6D57600296488 /* Resources */,
			);
			buildRules = (
			);
			dependencies = (
			);
			name = taxi_driver;
			packageProductDependencies = (
				CBF901EE2AB7067000296488 /* CountryPicker */,
				CBD647AC2B3A0D0700867954 /* FirebaseAnalytics */,
				CBD647AE2B3A0D0700867954 /* FirebaseAnalyticsOnDeviceConversion */,
				CBD647B02B3A0D0700867954 /* FirebaseAnalyticsSwift */,
				CBD647B22B3A0D0700867954 /* FirebaseAnalyticsWithoutAdIdSupport */,
				CBD647B42B3A0D0700867954 /* FirebaseAppCheck */,
				CBD647B62B3A0D0700867954 /* FirebaseAppDistribution-Beta */,
				CBD647B82B3A0D0700867954 /* FirebaseAuth */,
				CBD647BA2B3A0D0700867954 /* FirebaseAuthCombine-Community */,
				CBD647BC2B3A0D0700867954 /* FirebaseCrashlytics */,
				CBD647BE2B3A0D0700867954 /* FirebaseDatabase */,
				CBD647C02B3A0D0700867954 /* FirebaseDatabaseSwift */,
				CBD647C22B3A0D0700867954 /* FirebaseDynamicLinks */,
				CBD647C42B3A0D0700867954 /* FirebaseFirestore */,
				CBD647C62B3A0D0700867954 /* FirebaseFirestoreCombine-Community */,
				CBD647C82B3A0D0700867954 /* FirebaseFirestoreSwift */,
				CBD647CA2B3A0D0700867954 /* FirebaseFunctions */,
				CBD647CC2B3A0D0700867954 /* FirebaseFunctionsCombine-Community */,
				CBD647CE2B3A0D0700867954 /* FirebaseInAppMessaging-Beta */,
				CBD647D02B3A0D0700867954 /* FirebaseInAppMessagingSwift-Beta */,
				CBD647D22B3A0D0700867954 /* FirebaseInstallations */,
				CBD647D42B3A0D0700867954 /* FirebaseMLModelDownloader */,
				CBD647D62B3A0D0700867954 /* FirebaseMessaging */,
				CBD647D82B3A0D0700867954 /* FirebasePerformance */,
				CBD647DA2B3A0D0700867954 /* FirebaseRemoteConfig */,
				CBD647DC2B3A0D0700867954 /* FirebaseRemoteConfigSwift */,
				CBD647DE2B3A0D0700867954 /* FirebaseStorage */,
				CBD647E02B3A0D0700867954 /* FirebaseStorageCombine-Community */,
				CBF200732B47BC0A000E245B /* SDWebImageSwiftUI */,
				CB40BB132B539E5F008FBB1E /* SocketIO */,
				CB0B03532B96ED0A00DAC455 /* SQLite */,
				CB341BAE2BBD0AE80093D421 /* Alamofire */,
			);
			productName = taxi_driver;
			productReference = CBF901B22AB6D57600296488 /* taxi_driver.app */;
			productType = "com.apple.product-type.application";
		};
/* End PBXNativeTarget section */

/* Begin PBXProject section */
		CBF901AA2AB6D57600296488 /* Project object */ = {
			isa = PBXProject;
			attributes = {
				BuildIndependentTargetsInParallel = 1;
				LastSwiftUpdateCheck = 1430;
				LastUpgradeCheck = 1430;
				TargetAttributes = {
					CBF901B12AB6D57600296488 = {
						CreatedOnToolsVersion = 14.3.1;
					};
				};
			};
			buildConfigurationList = CBF901AD2AB6D57600296488 /* Build configuration list for PBXProject "taxi_driver" */;
			compatibilityVersion = "Xcode 14.0";
			developmentRegion = en;
			hasScannedForEncodings = 0;
			knownRegions = (
				en,
				Base,
			);
			mainGroup = CBF901A92AB6D57600296488;
			packageReferences = (
				CBF901ED2AB7067000296488 /* XCRemoteSwiftPackageReference "CountryPicker" */,
				CBD647AB2B3A0D0700867954 /* XCRemoteSwiftPackageReference "firebase-ios-sdk" */,
				CBF200722B47BC0A000E245B /* XCRemoteSwiftPackageReference "SDWebImageSwiftUI" */,
				CB40BB122B539E5F008FBB1E /* XCRemoteSwiftPackageReference "socket" */,
				CB0B03522B96ED0A00DAC455 /* XCRemoteSwiftPackageReference "SQLite.swift" */,
				CB341BAD2BBD0AE80093D421 /* XCRemoteSwiftPackageReference "Alamofire" */,
			);
			productRefGroup = CBF901B32AB6D57600296488 /* Products */;
			projectDirPath = "";
			projectRoot = "";
			targets = (
				CBF901B12AB6D57600296488 /* taxi_driver */,
			);
		};
/* End PBXProject section */

/* Begin PBXResourcesBuildPhase section */
		CBF901B02AB6D57600296488 /* Resources */ = {
			isa = PBXResourcesBuildPhase;
			buildActionMask = 2147483647;
			files = (
				CB341BA82BBD0A0B0093D421 /* en.json in Resources */,
				CBF901BD2AB6D57700296488 /* Preview Assets.xcassets in Resources */,
				CBF901CD2AB6D5D600296488 /* NunitoSans-Bold.ttf in Resources */,
				CBD647E32B3A0D7700867954 /* GoogleService-Info.plist in Resources */,
				CBF901E82AB6FD1400296488 /* Launch Screen.storyboard in Resources */,
				CBF901CA2AB6D5D600296488 /* NunitoSans-Medium.ttf in Resources */,
				CBF901CB2AB6D5D600296488 /* NunitoSans-Regular.ttf in Resources */,
				CBF901CC2AB6D5D600296488 /* NunitoSans-SemiBold.ttf in Resources */,
				CBF901C92AB6D5D600296488 /* NunitoSans-ExtraBold.ttf in Resources */,
				CBF901BA2AB6D57700296488 /* Assets.xcassets in Resources */,
			);
			runOnlyForDeploymentPostprocessing = 0;
		};
/* End PBXResourcesBuildPhase section */

/* Begin PBXSourcesBuildPhase section */
		CBF901AE2AB6D57600296488 /* Sources */ = {
			isa = PBXSourcesBuildPhase;
			buildActionMask = 2147483647;
			files = (
				CB4CE7002BB960F000A42220 /* LocationBooking.swift in Sources */,
				CB3EB45D2AD51C6300C26505 /* BackgroundCleanerView.swift in Sources */,
				CBFE45F02AB81DA200751656 /* SignInView.swift in Sources */,
				CB88DBEE2BE8110B0016BB6C /* ContactUsViewModel.swift in Sources */,
				CB341BB12BBD0D300093D421 /* ServicePriceModel.swift in Sources */,
				CB341BAA2BBD0A2B0093D421 /* Road.swift in Sources */,
				CBAED7542B426C600080A47B /* ProfileViewModel.swift in Sources */,
				CB50746B2ABABEEB00B4C834 /* SubscriptionPlanView.swift in Sources */,
				CB04A7652B3E772C00FDDEAE /* ImagePicker.swift in Sources */,
				CB8AACE72BBAF8A6001D6787 /* MapKitUtils.swift in Sources */,
				CB5A3BEF2BD2F5F9001BEB4B /* TipDetailViewModel.swift in Sources */,
				CB04BECB2ADF83CD008AADA9 /* RatingRow.swift in Sources */,
				CBA2C15B2BD99D83001A812F /* SummaryViewModel.swift in Sources */,
				CB6C59B82BDD46C300AF8818 /* DocumentModel.swift in Sources */,
				CB5859B52ADC10E300540729 /* AddMoneyWalletView.swift in Sources */,
				CBB02FA52AB96C70009C42DB /* BankDetailsView.swift in Sources */,
				CBB6CF822BCCF097000CF48E /* UserMyRidesView.swift in Sources */,
				CB88DD8B2ADA3FCD00FED1CA /* WeeklySummaryRow.swift in Sources */,
				CB6C59B62BDD468100AF8818 /* DocumentViewModel.swift in Sources */,
				CB4D82832ADCEB0100CE2AC1 /* SettingsView.swift in Sources */,
				CB341BAC2BBD0AAC0093D421 /* RoadManager.swift in Sources */,
				CB3EB4612AD522FF00C26505 /* ReasonView.swift in Sources */,
				CB0162882BC8F9CE00983BB5 /* UserRunTipView.swift in Sources */,
				CBE5452A2B3FE5A100446969 /* MainViewModel.swift in Sources */,
				CB5074672ABABD8500B4C834 /* AddVehicleView.swift in Sources */,
				CBE8DC7C2AD7B7910042DDDE /* TitleSubtitleRow.swift in Sources */,
				CB1501E62AD9034F0002AE2B /* EarningView.swift in Sources */,
				CB3EB45F2AD51D0E00C26505 /* VisualEffectView.swift in Sources */,
				CBB5FF5A2B3A847900309277 /* Globs.swift in Sources */,
				CBA903952AE28B2A00A7D1E9 /* HelpView.swift in Sources */,
				CB49C9D42B5630A8008568A7 /* SupportViewModel.swift in Sources */,
				CB7876EB2BCD98880087EF43 /* DriverMyRideView.swift in Sources */,
				CBA903972AE28B6600A7D1E9 /* HelpRow.swift in Sources */,
				CBF3F4E52B55A22800D7D5CE /* SupportUserView.swift in Sources */,
				CBB5FF582B3A845F00309277 /* ServiceCall.swift in Sources */,
				CB3C00912AD61E4300E152EC /* MenuView.swift in Sources */,
				CBA903932AE289DC00A7D1E9 /* TipsListView.swift in Sources */,
				CB5859B32ADC10C800540729 /* WalletView.swift in Sources */,
				CB608E552ADE45D300B5B793 /* EditProfileView.swift in Sources */,
				CB4CE6FE2BB9580700A42220 /* UserHomeViewModel.swift in Sources */,
				CB4D828D2ADCEF6000CE2AC1 /* VehicleDocumentRow.swift in Sources */,
				CBFE45EC2AB81A6500751656 /* OTPView.swift in Sources */,
				CBF3F4E32B559D0C00D7D5CE /* SupportMessageView.swift in Sources */,
				CB4C20CA2AD29E600081B3FE /* MyMapView.swift in Sources */,
				CB0B03562B96ED6F00DAC455 /* DBHelper.swift in Sources */,
				CB5859B72ADC11D000540729 /* WalletRow.swift in Sources */,
				CB04A7632B3E752900FDDEAE /* ProfileImageView.swift in Sources */,
				CB4D82872ADCEB2900CE2AC1 /* SettingRow.swift in Sources */,
				CBFE45EE2AB81A7F00751656 /* OTPTextField.swift in Sources */,
				CB4D82892ADCEDB000CE2AC1 /* VehicleRow.swift in Sources */,
				CBF901F12AB706A200296488 /* CountryPickerUI.swift in Sources */,
				CB0162862BC8F79700983BB5 /* UserRunRideViewModel.swift in Sources */,
				CB49C9D22B563004008568A7 /* MessageModel.swift in Sources */,
				CB4388A32BC408280032E5E9 /* DriverRunRideViewModel.swift in Sources */,
				CBF901EC2AB703FC00296488 /* MobileNumberView.swift in Sources */,
				CB8AACE52BBAF661001D6787 /* ZoneModel.swift in Sources */,
				CB88DD872ADA3E6900FED1CA /* SummaryView.swift in Sources */,
				CB4C20C82AD29A5D0081B3FE /* TipRequestView.swift in Sources */,
				CB8678752B5B76BF008322D5 /* UserHomeView.swift in Sources */,
				CB5F75C92BE5A54E0032C7B8 /* ChangePasswordView.swift in Sources */,
				CBE8DC7A2AD7B7300042DDDE /* TitleSubtitleButton.swift in Sources */,
				CBE8DC742AD7AFB60042DDDE /* TripDetailsView.swift in Sources */,
				CBFE45F42AB820CA00751656 /* SignUpView.swift in Sources */,
				CBCB7F5F2AD11450008DC040 /* HomeView.swift in Sources */,
				CB231CF22B413B9F00A6196D /* ServiceModel.swift in Sources */,
				CBB02FA92AB96E42009C42DB /* DocumentRow.swift in Sources */,
				CBB02FA72AB96DE2009C42DB /* DocumentUploadView.swift in Sources */,
				CB88DD892ADA3FB200FED1CA /* TodaySummaryRow.swift in Sources */,
				CBF901E62AB6F93E00296488 /* ChangeLanguageView.swift in Sources */,
				CBD647E72B3A0DC300867954 /* LoginViewModel.swift in Sources */,
				CBA7907F2B45136300A8288B /* CarViewModel.swift in Sources */,
				CBF0F3602BC109D5007C004E /* DriverViewModel.swift in Sources */,
				CBF901D22AB6D63500296488 /* UIExtension.swift in Sources */,
				CB13DEEC2AD11CED00D3D69C /* IconTitleSubtitleButton.swift in Sources */,
				CB40BB162B539E79008FBB1E /* SocketViewModel.swift in Sources */,
				CBF901B62AB6D57600296488 /* taxi_driverApp.swift in Sources */,
				CB608E532ADE412100B5B793 /* MyProfileDetailsView.swift in Sources */,
				CB04BEC92ADF836C008AADA9 /* MyRatingView.swift in Sources */,
				CBB6CF802BCCEEED000CF48E /* MyRideViewModel.swift in Sources */,
				CB88DBF02BE813170016BB6C /* ContactUsView.swift in Sources */,
				CBF901EA2AB7016A00296488 /* WelcomeView.swift in Sources */,
				CB49C9D02B562DAE008568A7 /* SupportUserModel.swift in Sources */,
				CB5074692ABABE9800B4C834 /* VehicleDocumentView.swift in Sources */,
				CBFE45F22AB81E1100751656 /* LineTextField.swift in Sources */,
				CB79EE2A2AD3BACF007F38CF /* RunTripView.swift in Sources */,
				CB4D82852ADCEB1600CE2AC1 /* MyVehicleView.swift in Sources */,
				CB231CF42B413C6C00A6196D /* DriverEditProfileView.swift in Sources */,
				CBC52B792BBFBDD000E904A9 /* LocationManagerViewModel.swift in Sources */,
				CB4D828B2ADCEE2A00CE2AC1 /* MyVelicleDetailView.swift in Sources */,
			);
			runOnlyForDeploymentPostprocessing = 0;
		};
/* End PBXSourcesBuildPhase section */

/* Begin XCBuildConfiguration section */
		CBF901BE2AB6D57700296488 /* Debug */ = {
			isa = XCBuildConfiguration;
			buildSettings = {
				ALWAYS_SEARCH_USER_PATHS = NO;
				CLANG_ANALYZER_NONNULL = YES;
				CLANG_ANALYZER_NUMBER_OBJECT_CONVERSION = YES_AGGRESSIVE;
				CLANG_CXX_LANGUAGE_STANDARD = "gnu++20";
				CLANG_ENABLE_MODULES = YES;
				CLANG_ENABLE_OBJC_ARC = YES;
				CLANG_ENABLE_OBJC_WEAK = YES;
				CLANG_WARN_BLOCK_CAPTURE_AUTORELEASING = YES;
				CLANG_WARN_BOOL_CONVERSION = YES;
				CLANG_WARN_COMMA = YES;
				CLANG_WARN_CONSTANT_CONVERSION = YES;
				CLANG_WARN_DEPRECATED_OBJC_IMPLEMENTATIONS = YES;
				CLANG_WARN_DIRECT_OBJC_ISA_USAGE = YES_ERROR;
				CLANG_WARN_DOCUMENTATION_COMMENTS = YES;
				CLANG_WARN_EMPTY_BODY = YES;
				CLANG_WARN_ENUM_CONVERSION = YES;
				CLANG_WARN_INFINITE_RECURSION = YES;
				CLANG_WARN_INT_CONVERSION = YES;
				CLANG_WARN_NON_LITERAL_NULL_CONVERSION = YES;
				CLANG_WARN_OBJC_IMPLICIT_RETAIN_SELF = YES;
				CLANG_WARN_OBJC_LITERAL_CONVERSION = YES;
				CLANG_WARN_OBJC_ROOT_CLASS = YES_ERROR;
				CLANG_WARN_QUOTED_INCLUDE_IN_FRAMEWORK_HEADER = YES;
				CLANG_WARN_RANGE_LOOP_ANALYSIS = YES;
				CLANG_WARN_STRICT_PROTOTYPES = YES;
				CLANG_WARN_SUSPICIOUS_MOVE = YES;
				CLANG_WARN_UNGUARDED_AVAILABILITY = YES_AGGRESSIVE;
				CLANG_WARN_UNREACHABLE_CODE = YES;
				CLANG_WARN__DUPLICATE_METHOD_MATCH = YES;
				COPY_PHASE_STRIP = NO;
				DEBUG_INFORMATION_FORMAT = dwarf;
				ENABLE_STRICT_OBJC_MSGSEND = YES;
				ENABLE_TESTABILITY = YES;
				GCC_C_LANGUAGE_STANDARD = gnu11;
				GCC_DYNAMIC_NO_PIC = NO;
				GCC_NO_COMMON_BLOCKS = YES;
				GCC_OPTIMIZATION_LEVEL = 0;
				GCC_PREPROCESSOR_DEFINITIONS = (
					"DEBUG=1",
					"$(inherited)",
				);
				GCC_WARN_64_TO_32_BIT_CONVERSION = YES;
				GCC_WARN_ABOUT_RETURN_TYPE = YES_ERROR;
				GCC_WARN_UNDECLARED_SELECTOR = YES;
				GCC_WARN_UNINITIALIZED_AUTOS = YES_AGGRESSIVE;
				GCC_WARN_UNUSED_FUNCTION = YES;
				GCC_WARN_UNUSED_VARIABLE = YES;
				IPHONEOS_DEPLOYMENT_TARGET = 16.4;
				MTL_ENABLE_DEBUG_INFO = INCLUDE_SOURCE;
				MTL_FAST_MATH = YES;
				ONLY_ACTIVE_ARCH = YES;
				SDKROOT = iphoneos;
				SWIFT_ACTIVE_COMPILATION_CONDITIONS = DEBUG;
				SWIFT_OPTIMIZATION_LEVEL = "-Onone";
			};
			name = Debug;
		};
		CBF901BF2AB6D57700296488 /* Release */ = {
			isa = XCBuildConfiguration;
			buildSettings = {
				ALWAYS_SEARCH_USER_PATHS = NO;
				CLANG_ANALYZER_NONNULL = YES;
				CLANG_ANALYZER_NUMBER_OBJECT_CONVERSION = YES_AGGRESSIVE;
				CLANG_CXX_LANGUAGE_STANDARD = "gnu++20";
				CLANG_ENABLE_MODULES = YES;
				CLANG_ENABLE_OBJC_ARC = YES;
				CLANG_ENABLE_OBJC_WEAK = YES;
				CLANG_WARN_BLOCK_CAPTURE_AUTORELEASING = YES;
				CLANG_WARN_BOOL_CONVERSION = YES;
				CLANG_WARN_COMMA = YES;
				CLANG_WARN_CONSTANT_CONVERSION = YES;
				CLANG_WARN_DEPRECATED_OBJC_IMPLEMENTATIONS = YES;
				CLANG_WARN_DIRECT_OBJC_ISA_USAGE = YES_ERROR;
				CLANG_WARN_DOCUMENTATION_COMMENTS = YES;
				CLANG_WARN_EMPTY_BODY = YES;
				CLANG_WARN_ENUM_CONVERSION = YES;
				CLANG_WARN_INFINITE_RECURSION = YES;
				CLANG_WARN_INT_CONVERSION = YES;
				CLANG_WARN_NON_LITERAL_NULL_CONVERSION = YES;
				CLANG_WARN_OBJC_IMPLICIT_RETAIN_SELF = YES;
				CLANG_WARN_OBJC_LITERAL_CONVERSION = YES;
				CLANG_WARN_OBJC_ROOT_CLASS = YES_ERROR;
				CLANG_WARN_QUOTED_INCLUDE_IN_FRAMEWORK_HEADER = YES;
				CLANG_WARN_RANGE_LOOP_ANALYSIS = YES;
				CLANG_WARN_STRICT_PROTOTYPES = YES;
				CLANG_WARN_SUSPICIOUS_MOVE = YES;
				CLANG_WARN_UNGUARDED_AVAILABILITY = YES_AGGRESSIVE;
				CLANG_WARN_UNREACHABLE_CODE = YES;
				CLANG_WARN__DUPLICATE_METHOD_MATCH = YES;
				COPY_PHASE_STRIP = NO;
				DEBUG_INFORMATION_FORMAT = "dwarf-with-dsym";
				ENABLE_NS_ASSERTIONS = NO;
				ENABLE_STRICT_OBJC_MSGSEND = YES;
				GCC_C_LANGUAGE_STANDARD = gnu11;
				GCC_NO_COMMON_BLOCKS = YES;
				GCC_WARN_64_TO_32_BIT_CONVERSION = YES;
				GCC_WARN_ABOUT_RETURN_TYPE = YES_ERROR;
				GCC_WARN_UNDECLARED_SELECTOR = YES;
				GCC_WARN_UNINITIALIZED_AUTOS = YES_AGGRESSIVE;
				GCC_WARN_UNUSED_FUNCTION = YES;
				GCC_WARN_UNUSED_VARIABLE = YES;
				IPHONEOS_DEPLOYMENT_TARGET = 16.4;
				MTL_ENABLE_DEBUG_INFO = NO;
				MTL_FAST_MATH = YES;
				SDKROOT = iphoneos;
				SWIFT_COMPILATION_MODE = wholemodule;
				SWIFT_OPTIMIZATION_LEVEL = "-O";
				VALIDATE_PRODUCT = YES;
			};
			name = Release;
		};
		CBF901C12AB6D57700296488 /* Debug */ = {
			isa = XCBuildConfiguration;
			buildSettings = {
				ASSETCATALOG_COMPILER_APPICON_NAME = AppIcon;
				ASSETCATALOG_COMPILER_GLOBAL_ACCENT_COLOR_NAME = AccentColor;
				CODE_SIGN_ENTITLEMENTS = taxi_driver/taxi_driver.entitlements;
				CODE_SIGN_STYLE = Automatic;
				CURRENT_PROJECT_VERSION = 1;
				DEVELOPMENT_ASSET_PATHS = "\"taxi_driver/Preview Content\"";
				ENABLE_PREVIEWS = YES;
				GENERATE_INFOPLIST_FILE = YES;
				INFOPLIST_FILE = "taxi-driver-Info.plist";
				INFOPLIST_KEY_NSCameraUsageDescription = "Allow to Update or Change your profile image";
				INFOPLIST_KEY_NSLocationAlwaysUsageDescription = "This helps to show you in near by driver";
				INFOPLIST_KEY_NSLocationUsageDescription = "This helps to show you in near by driver";
				INFOPLIST_KEY_NSLocationWhenInUseUsageDescription = "This helps to show you in near by driver";
				INFOPLIST_KEY_UIApplicationSceneManifest_Generation = YES;
				INFOPLIST_KEY_UIApplicationSupportsIndirectInputEvents = YES;
				INFOPLIST_KEY_UILaunchScreen_Generation = YES;
				INFOPLIST_KEY_UILaunchStoryboardName = "Launch Screen.storyboard";
				INFOPLIST_KEY_UIStatusBarHidden = YES;
				INFOPLIST_KEY_UISupportedInterfaceOrientations = UIInterfaceOrientationPortrait;
				INFOPLIST_KEY_UISupportedInterfaceOrientations_iPad = "UIInterfaceOrientationLandscapeLeft UIInterfaceOrientationLandscapeRight UIInterfaceOrientationPortrait UIInterfaceOrientationPortraitUpsideDown";
				IPHONEOS_DEPLOYMENT_TARGET = 15.0;
				LD_RUNPATH_SEARCH_PATHS = (
					"$(inherited)",
					"@executable_path/Frameworks",
				);
				MARKETING_VERSION = 1.0;
				PRODUCT_BUNDLE_IDENTIFIER = "com.codeforany.taxi-driver";
				PRODUCT_NAME = "$(TARGET_NAME)";
				SUPPORTED_PLATFORMS = "iphoneos iphonesimulator";
				SUPPORTS_MACCATALYST = NO;
				SUPPORTS_MAC_DESIGNED_FOR_IPHONE_IPAD = NO;
				SWIFT_EMIT_LOC_STRINGS = YES;
				SWIFT_VERSION = 5.0;
				TARGETED_DEVICE_FAMILY = 1;
			};
			name = Debug;
		};
		CBF901C22AB6D57700296488 /* Release */ = {
			isa = XCBuildConfiguration;
			buildSettings = {
				ASSETCATALOG_COMPILER_APPICON_NAME = AppIcon;
				ASSETCATALOG_COMPILER_GLOBAL_ACCENT_COLOR_NAME = AccentColor;
				CODE_SIGN_ENTITLEMENTS = taxi_driver/taxi_driver.entitlements;
				CODE_SIGN_STYLE = Automatic;
				CURRENT_PROJECT_VERSION = 1;
				DEVELOPMENT_ASSET_PATHS = "\"taxi_driver/Preview Content\"";
				ENABLE_PREVIEWS = YES;
				GENERATE_INFOPLIST_FILE = YES;
				INFOPLIST_FILE = "taxi-driver-Info.plist";
				INFOPLIST_KEY_NSCameraUsageDescription = "Allow to Update or Change your profile image";
				INFOPLIST_KEY_NSLocationAlwaysUsageDescription = "This helps to show you in near by driver";
				INFOPLIST_KEY_NSLocationUsageDescription = "This helps to show you in near by driver";
				INFOPLIST_KEY_NSLocationWhenInUseUsageDescription = "This helps to show you in near by driver";
				INFOPLIST_KEY_UIApplicationSceneManifest_Generation = YES;
				INFOPLIST_KEY_UIApplicationSupportsIndirectInputEvents = YES;
				INFOPLIST_KEY_UILaunchScreen_Generation = YES;
				INFOPLIST_KEY_UILaunchStoryboardName = "Launch Screen.storyboard";
				INFOPLIST_KEY_UIStatusBarHidden = YES;
				INFOPLIST_KEY_UISupportedInterfaceOrientations = UIInterfaceOrientationPortrait;
				INFOPLIST_KEY_UISupportedInterfaceOrientations_iPad = "UIInterfaceOrientationLandscapeLeft UIInterfaceOrientationLandscapeRight UIInterfaceOrientationPortrait UIInterfaceOrientationPortraitUpsideDown";
				IPHONEOS_DEPLOYMENT_TARGET = 15.0;
				LD_RUNPATH_SEARCH_PATHS = (
					"$(inherited)",
					"@executable_path/Frameworks",
				);
				MARKETING_VERSION = 1.0;
				PRODUCT_BUNDLE_IDENTIFIER = "com.codeforany.taxi-driver";
				PRODUCT_NAME = "$(TARGET_NAME)";
				SUPPORTED_PLATFORMS = "iphoneos iphonesimulator";
				SUPPORTS_MACCATALYST = NO;
				SUPPORTS_MAC_DESIGNED_FOR_IPHONE_IPAD = NO;
				SWIFT_EMIT_LOC_STRINGS = YES;
				SWIFT_VERSION = 5.0;
				TARGETED_DEVICE_FAMILY = 1;
			};
			name = Release;
		};
/* End XCBuildConfiguration section */

/* Begin XCConfigurationList section */
		CBF901AD2AB6D57600296488 /* Build configuration list for PBXProject "taxi_driver" */ = {
			isa = XCConfigurationList;
			buildConfigurations = (
				CBF901BE2AB6D57700296488 /* Debug */,
				CBF901BF2AB6D57700296488 /* Release */,
			);
			defaultConfigurationIsVisible = 0;
			defaultConfigurationName = Release;
		};
		CBF901C02AB6D57700296488 /* Build configuration list for PBXNativeTarget "taxi_driver" */ = {
			isa = XCConfigurationList;
			buildConfigurations = (
				CBF901C12AB6D57700296488 /* Debug */,
				CBF901C22AB6D57700296488 /* Release */,
			);
			defaultConfigurationIsVisible = 0;
			defaultConfigurationName = Release;
		};
/* End XCConfigurationList section */

/* Begin XCRemoteSwiftPackageReference section */
		CB0B03522B96ED0A00DAC455 /* XCRemoteSwiftPackageReference "SQLite.swift" */ = {
			isa = XCRemoteSwiftPackageReference;
			repositoryURL = "https://github.com/stephencelis/SQLite.swift.git";
			requirement = {
				kind = upToNextMajorVersion;
				minimumVersion = 0.15.0;
			};
		};
		CB341BAD2BBD0AE80093D421 /* XCRemoteSwiftPackageReference "Alamofire" */ = {
			isa = XCRemoteSwiftPackageReference;
			repositoryURL = "https://github.com/Alamofire/Alamofire";
			requirement = {
				kind = upToNextMajorVersion;
				minimumVersion = 5.9.1;
			};
		};
		CB40BB122B539E5F008FBB1E /* XCRemoteSwiftPackageReference "socket" */ = {
			isa = XCRemoteSwiftPackageReference;
			repositoryURL = "https://github.com/socketio/socket.io-client-swift";
			requirement = {
				branch = master;
				kind = branch;
			};
		};
		CBD647AB2B3A0D0700867954 /* XCRemoteSwiftPackageReference "firebase-ios-sdk" */ = {
			isa = XCRemoteSwiftPackageReference;
			repositoryURL = "https://github.com/firebase/firebase-ios-sdk.git";
			requirement = {
				kind = upToNextMajorVersion;
				minimumVersion = 10.19.1;
			};
		};
		CBF200722B47BC0A000E245B /* XCRemoteSwiftPackageReference "SDWebImageSwiftUI" */ = {
			isa = XCRemoteSwiftPackageReference;
			repositoryURL = "https://github.com/SDWebImage/SDWebImageSwiftUI";
			requirement = {
				kind = upToNextMajorVersion;
				minimumVersion = 2.2.6;
			};
		};
		CBF901ED2AB7067000296488 /* XCRemoteSwiftPackageReference "CountryPicker" */ = {
			isa = XCRemoteSwiftPackageReference;
			repositoryURL = "https://github.com/mobven/CountryPicker/";
			requirement = {
				kind = upToNextMajorVersion;
				minimumVersion = 2.0.0;
			};
		};
/* End XCRemoteSwiftPackageReference section */

/* Begin XCSwiftPackageProductDependency section */
		CB0B03532B96ED0A00DAC455 /* SQLite */ = {
			isa = XCSwiftPackageProductDependency;
			package = CB0B03522B96ED0A00DAC455 /* XCRemoteSwiftPackageReference "SQLite.swift" */;
			productName = SQLite;
		};
		CB341BAE2BBD0AE80093D421 /* Alamofire */ = {
			isa = XCSwiftPackageProductDependency;
			package = CB341BAD2BBD0AE80093D421 /* XCRemoteSwiftPackageReference "Alamofire" */;
			productName = Alamofire;
		};
		CB40BB132B539E5F008FBB1E /* SocketIO */ = {
			isa = XCSwiftPackageProductDependency;
			package = CB40BB122B539E5F008FBB1E /* XCRemoteSwiftPackageReference "socket" */;
			productName = SocketIO;
		};
		CBD647AC2B3A0D0700867954 /* FirebaseAnalytics */ = {
			isa = XCSwiftPackageProductDependency;
			package = CBD647AB2B3A0D0700867954 /* XCRemoteSwiftPackageReference "firebase-ios-sdk" */;
			productName = FirebaseAnalytics;
		};
		CBD647AE2B3A0D0700867954 /* FirebaseAnalyticsOnDeviceConversion */ = {
			isa = XCSwiftPackageProductDependency;
			package = CBD647AB2B3A0D0700867954 /* XCRemoteSwiftPackageReference "firebase-ios-sdk" */;
			productName = FirebaseAnalyticsOnDeviceConversion;
		};
		CBD647B02B3A0D0700867954 /* FirebaseAnalyticsSwift */ = {
			isa = XCSwiftPackageProductDependency;
			package = CBD647AB2B3A0D0700867954 /* XCRemoteSwiftPackageReference "firebase-ios-sdk" */;
			productName = FirebaseAnalyticsSwift;
		};
		CBD647B22B3A0D0700867954 /* FirebaseAnalyticsWithoutAdIdSupport */ = {
			isa = XCSwiftPackageProductDependency;
			package = CBD647AB2B3A0D0700867954 /* XCRemoteSwiftPackageReference "firebase-ios-sdk" */;
			productName = FirebaseAnalyticsWithoutAdIdSupport;
		};
		CBD647B42B3A0D0700867954 /* FirebaseAppCheck */ = {
			isa = XCSwiftPackageProductDependency;
			package = CBD647AB2B3A0D0700867954 /* XCRemoteSwiftPackageReference "firebase-ios-sdk" */;
			productName = FirebaseAppCheck;
		};
		CBD647B62B3A0D0700867954 /* FirebaseAppDistribution-Beta */ = {
			isa = XCSwiftPackageProductDependency;
			package = CBD647AB2B3A0D0700867954 /* XCRemoteSwiftPackageReference "firebase-ios-sdk" */;
			productName = "FirebaseAppDistribution-Beta";
		};
		CBD647B82B3A0D0700867954 /* FirebaseAuth */ = {
			isa = XCSwiftPackageProductDependency;
			package = CBD647AB2B3A0D0700867954 /* XCRemoteSwiftPackageReference "firebase-ios-sdk" */;
			productName = FirebaseAuth;
		};
		CBD647BA2B3A0D0700867954 /* FirebaseAuthCombine-Community */ = {
			isa = XCSwiftPackageProductDependency;
			package = CBD647AB2B3A0D0700867954 /* XCRemoteSwiftPackageReference "firebase-ios-sdk" */;
			productName = "FirebaseAuthCombine-Community";
		};
		CBD647BC2B3A0D0700867954 /* FirebaseCrashlytics */ = {
			isa = XCSwiftPackageProductDependency;
			package = CBD647AB2B3A0D0700867954 /* XCRemoteSwiftPackageReference "firebase-ios-sdk" */;
			productName = FirebaseCrashlytics;
		};
		CBD647BE2B3A0D0700867954 /* FirebaseDatabase */ = {
			isa = XCSwiftPackageProductDependency;
			package = CBD647AB2B3A0D0700867954 /* XCRemoteSwiftPackageReference "firebase-ios-sdk" */;
			productName = FirebaseDatabase;
		};
		CBD647C02B3A0D0700867954 /* FirebaseDatabaseSwift */ = {
			isa = XCSwiftPackageProductDependency;
			package = CBD647AB2B3A0D0700867954 /* XCRemoteSwiftPackageReference "firebase-ios-sdk" */;
			productName = FirebaseDatabaseSwift;
		};
		CBD647C22B3A0D0700867954 /* FirebaseDynamicLinks */ = {
			isa = XCSwiftPackageProductDependency;
			package = CBD647AB2B3A0D0700867954 /* XCRemoteSwiftPackageReference "firebase-ios-sdk" */;
			productName = FirebaseDynamicLinks;
		};
		CBD647C42B3A0D0700867954 /* FirebaseFirestore */ = {
			isa = XCSwiftPackageProductDependency;
			package = CBD647AB2B3A0D0700867954 /* XCRemoteSwiftPackageReference "firebase-ios-sdk" */;
			productName = FirebaseFirestore;
		};
		CBD647C62B3A0D0700867954 /* FirebaseFirestoreCombine-Community */ = {
			isa = XCSwiftPackageProductDependency;
			package = CBD647AB2B3A0D0700867954 /* XCRemoteSwiftPackageReference "firebase-ios-sdk" */;
			productName = "FirebaseFirestoreCombine-Community";
		};
		CBD647C82B3A0D0700867954 /* FirebaseFirestoreSwift */ = {
			isa = XCSwiftPackageProductDependency;
			package = CBD647AB2B3A0D0700867954 /* XCRemoteSwiftPackageReference "firebase-ios-sdk" */;
			productName = FirebaseFirestoreSwift;
		};
		CBD647CA2B3A0D0700867954 /* FirebaseFunctions */ = {
			isa = XCSwiftPackageProductDependency;
			package = CBD647AB2B3A0D0700867954 /* XCRemoteSwiftPackageReference "firebase-ios-sdk" */;
			productName = FirebaseFunctions;
		};
		CBD647CC2B3A0D0700867954 /* FirebaseFunctionsCombine-Community */ = {
			isa = XCSwiftPackageProductDependency;
			package = CBD647AB2B3A0D0700867954 /* XCRemoteSwiftPackageReference "firebase-ios-sdk" */;
			productName = "FirebaseFunctionsCombine-Community";
		};
		CBD647CE2B3A0D0700867954 /* FirebaseInAppMessaging-Beta */ = {
			isa = XCSwiftPackageProductDependency;
			package = CBD647AB2B3A0D0700867954 /* XCRemoteSwiftPackageReference "firebase-ios-sdk" */;
			productName = "FirebaseInAppMessaging-Beta";
		};
		CBD647D02B3A0D0700867954 /* FirebaseInAppMessagingSwift-Beta */ = {
			isa = XCSwiftPackageProductDependency;
			package = CBD647AB2B3A0D0700867954 /* XCRemoteSwiftPackageReference "firebase-ios-sdk" */;
			productName = "FirebaseInAppMessagingSwift-Beta";
		};
		CBD647D22B3A0D0700867954 /* FirebaseInstallations */ = {
			isa = XCSwiftPackageProductDependency;
			package = CBD647AB2B3A0D0700867954 /* XCRemoteSwiftPackageReference "firebase-ios-sdk" */;
			productName = FirebaseInstallations;
		};
		CBD647D42B3A0D0700867954 /* FirebaseMLModelDownloader */ = {
			isa = XCSwiftPackageProductDependency;
			package = CBD647AB2B3A0D0700867954 /* XCRemoteSwiftPackageReference "firebase-ios-sdk" */;
			productName = FirebaseMLModelDownloader;
		};
		CBD647D62B3A0D0700867954 /* FirebaseMessaging */ = {
			isa = XCSwiftPackageProductDependency;
			package = CBD647AB2B3A0D0700867954 /* XCRemoteSwiftPackageReference "firebase-ios-sdk" */;
			productName = FirebaseMessaging;
		};
		CBD647D82B3A0D0700867954 /* FirebasePerformance */ = {
			isa = XCSwiftPackageProductDependency;
			package = CBD647AB2B3A0D0700867954 /* XCRemoteSwiftPackageReference "firebase-ios-sdk" */;
			productName = FirebasePerformance;
		};
		CBD647DA2B3A0D0700867954 /* FirebaseRemoteConfig */ = {
			isa = XCSwiftPackageProductDependency;
			package = CBD647AB2B3A0D0700867954 /* XCRemoteSwiftPackageReference "firebase-ios-sdk" */;
			productName = FirebaseRemoteConfig;
		};
		CBD647DC2B3A0D0700867954 /* FirebaseRemoteConfigSwift */ = {
			isa = XCSwiftPackageProductDependency;
			package = CBD647AB2B3A0D0700867954 /* XCRemoteSwiftPackageReference "firebase-ios-sdk" */;
			productName = FirebaseRemoteConfigSwift;
		};
		CBD647DE2B3A0D0700867954 /* FirebaseStorage */ = {
			isa = XCSwiftPackageProductDependency;
			package = CBD647AB2B3A0D0700867954 /* XCRemoteSwiftPackageReference "firebase-ios-sdk" */;
			productName = FirebaseStorage;
		};
		CBD647E02B3A0D0700867954 /* FirebaseStorageCombine-Community */ = {
			isa = XCSwiftPackageProductDependency;
			package = CBD647AB2B3A0D0700867954 /* XCRemoteSwiftPackageReference "firebase-ios-sdk" */;
			productName = "FirebaseStorageCombine-Community";
		};
		CBF200732B47BC0A000E245B /* SDWebImageSwiftUI */ = {
			isa = XCSwiftPackageProductDependency;
			package = CBF200722B47BC0A000E245B /* XCRemoteSwiftPackageReference "SDWebImageSwiftUI" */;
			productName = SDWebImageSwiftUI;
		};
		CBF901EE2AB7067000296488 /* CountryPicker */ = {
			isa = XCSwiftPackageProductDependency;
			package = CBF901ED2AB7067000296488 /* XCRemoteSwiftPackageReference "CountryPicker" */;
			productName = CountryPicker;
		};
/* End XCSwiftPackageProductDependency section */
	};
	rootObject = CBF901AA2AB6D57600296488 /* Project object */;
}
